// !$*UTF8*$!
{
	archiveVersion = 1;
	classes = {
	};
	objectVersion = 56;
	objects = {

/* Begin PBXBuildFile section */
		60CE49D23C451808F5F68278 /* Pods_NeoProductApp.framework in Frameworks */ = {isa = PBXBuildFile; fileRef = 13902882BF628A82A703A5F6 /* Pods_NeoProductApp.framework */; };
		B50259292C560EF00073CB4D /* EditCartViewModel.swift in Sources */ = {isa = PBXBuildFile; fileRef = B50259282C560EF00073CB4D /* EditCartViewModel.swift */; };
		B502592B2C5614010073CB4D /* EditCartModel.swift in Sources */ = {isa = PBXBuildFile; fileRef = B502592A2C5614010073CB4D /* EditCartModel.swift */; };
		B502592D2C5617330073CB4D /* CartDeleteViewModel.swift in Sources */ = {isa = PBXBuildFile; fileRef = B502592C2C5617330073CB4D /* CartDeleteViewModel.swift */; };
		B502592F2C5617420073CB4D /* CartDeleteModel.swift in Sources */ = {isa = PBXBuildFile; fileRef = B502592E2C5617420073CB4D /* CartDeleteModel.swift */; };
		B50259322C5621F50073CB4D /* ImagesDisplayCollectionViewCell.swift in Sources */ = {isa = PBXBuildFile; fileRef = B50259302C5621F50073CB4D /* ImagesDisplayCollectionViewCell.swift */; };
		B50259332C5621F50073CB4D /* ImagesDisplayCollectionViewCell.xib in Resources */ = {isa = PBXBuildFile; fileRef = B50259312C5621F50073CB4D /* ImagesDisplayCollectionViewCell.xib */; };
		B506432D2C54A144004E7C2E /* ImageStore.swift in Sources */ = {isa = PBXBuildFile; fileRef = B506432C2C54A144004E7C2E /* ImageStore.swift */; };
		B50643312C5535CA004E7C2E /* RegisterTableViewCell.xib in Resources */ = {isa = PBXBuildFile; fileRef = B506432F2C5535CA004E7C2E /* RegisterTableViewCell.xib */; };
		B50643332C557EBE004E7C2E /* ProductRatingViewModel.swift in Sources */ = {isa = PBXBuildFile; fileRef = B50643322C557EBE004E7C2E /* ProductRatingViewModel.swift */; };
		B50643352C558086004E7C2E /* ProductRatingModel.swift in Sources */ = {isa = PBXBuildFile; fileRef = B50643342C558086004E7C2E /* ProductRatingModel.swift */; };
		B5121C3F2C4F82A000CEC824 /* LoginViewModel.swift in Sources */ = {isa = PBXBuildFile; fileRef = B5121C3E2C4F82A000CEC824 /* LoginViewModel.swift */; };
		B5121C412C4F82AF00CEC824 /* LoginModel.swift in Sources */ = {isa = PBXBuildFile; fileRef = B5121C402C4F82AF00CEC824 /* LoginModel.swift */; };
		B5121C482C4F841600CEC824 /* ForgotPasswordModel.swift in Sources */ = {isa = PBXBuildFile; fileRef = B5121C472C4F841600CEC824 /* ForgotPasswordModel.swift */; };
		B5121C532C4F88CE00CEC824 /* ResetPasswordViewModel.swift in Sources */ = {isa = PBXBuildFile; fileRef = B5121C522C4F88CE00CEC824 /* ResetPasswordViewModel.swift */; };
		B5121C552C4F88E500CEC824 /* ResetPasswordModel.swift in Sources */ = {isa = PBXBuildFile; fileRef = B5121C542C4F88E500CEC824 /* ResetPasswordModel.swift */; };
		B523F98D2C4689B800A1647B /* StoreLocatorViewController.swift in Sources */ = {isa = PBXBuildFile; fileRef = B523F98C2C4689B800A1647B /* StoreLocatorViewController.swift */; };
		B523F98F2C469B7000A1647B /* ProductQuantityViewController.swift in Sources */ = {isa = PBXBuildFile; fileRef = B523F98E2C469B7000A1647B /* ProductQuantityViewController.swift */; };
		B523F9912C46A90F00A1647B /* StoreLocatorTableViewCell.swift in Sources */ = {isa = PBXBuildFile; fileRef = B523F9902C46A90F00A1647B /* StoreLocatorTableViewCell.swift */; };
		B53C154F2C575733007F6DA7 /* GothamMedium.ttf in Resources */ = {isa = PBXBuildFile; fileRef = B53C154E2C575733007F6DA7 /* GothamMedium.ttf */; };
		B53C15512C57890D007F6DA7 /* ForgotPasswordViewModel.swift in Sources */ = {isa = PBXBuildFile; fileRef = B53C15502C57890D007F6DA7 /* ForgotPasswordViewModel.swift */; };
		B54A9BC02C3FFED700CA1E65 /* HomeScreenViewController.swift in Sources */ = {isa = PBXBuildFile; fileRef = B54A9BBF2C3FFED700CA1E65 /* HomeScreenViewController.swift */; };
		B54A9BCA2C40094F00CA1E65 /* DisplayCollectionViewCell.swift in Sources */ = {isa = PBXBuildFile; fileRef = B54A9BC82C40094F00CA1E65 /* DisplayCollectionViewCell.swift */; };
		B54A9BCB2C40094F00CA1E65 /* DisplayCollectionViewCell.xib in Resources */ = {isa = PBXBuildFile; fileRef = B54A9BC92C40094F00CA1E65 /* DisplayCollectionViewCell.xib */; };
		B54A9BCF2C40098000CA1E65 /* CategoryCollectionViewCell.swift in Sources */ = {isa = PBXBuildFile; fileRef = B54A9BCD2C40098000CA1E65 /* CategoryCollectionViewCell.swift */; };
		B54A9BD02C40098000CA1E65 /* CategoryCollectionViewCell.xib in Resources */ = {isa = PBXBuildFile; fileRef = B54A9BCE2C40098000CA1E65 /* CategoryCollectionViewCell.xib */; };
		B54A9BD32C40117C00CA1E65 /* HomeScreenStoryboard.storyboard in Resources */ = {isa = PBXBuildFile; fileRef = B54A9BD22C40117C00CA1E65 /* HomeScreenStoryboard.storyboard */; };
		B54A9BD52C4014F500CA1E65 /* RegisterViewStoryboard.storyboard in Resources */ = {isa = PBXBuildFile; fileRef = B54A9BD42C4014F500CA1E65 /* RegisterViewStoryboard.storyboard */; };
		B55BFF2A2C44FA0800214BCA /* AddAddressViewController.swift in Sources */ = {isa = PBXBuildFile; fileRef = B55BFF292C44FA0800214BCA /* AddAddressViewController.swift */; };
		B55BFF332C450A9600214BCA /* AddressListViewController.swift in Sources */ = {isa = PBXBuildFile; fileRef = B55BFF322C450A9600214BCA /* AddressListViewController.swift */; };
		B55BFF362C451AB300214BCA /* AddedAddressTableViewCell.swift in Sources */ = {isa = PBXBuildFile; fileRef = B55BFF342C451AB300214BCA /* AddedAddressTableViewCell.swift */; };
		B55BFF372C451AB300214BCA /* AddedAddressTableViewCell.xib in Resources */ = {isa = PBXBuildFile; fileRef = B55BFF352C451AB300214BCA /* AddedAddressTableViewCell.xib */; };
		B55BFF392C4526A500214BCA /* MyCartViewController.swift in Sources */ = {isa = PBXBuildFile; fileRef = B55BFF382C4526A500214BCA /* MyCartViewController.swift */; };
		B5614CBB2C40E97F004314EB /* TextFieldHelper.swift in Sources */ = {isa = PBXBuildFile; fileRef = B5614CBA2C40E97F004314EB /* TextFieldHelper.swift */; };
		B5614CC02C4108D3004314EB /* ResetPasswordViewController.swift in Sources */ = {isa = PBXBuildFile; fileRef = B5614CBF2C4108D3004314EB /* ResetPasswordViewController.swift */; };
		B5614CC32C4116C5004314EB /* SideMenu in Frameworks */ = {isa = PBXBuildFile; productRef = B5614CC22C4116C5004314EB /* SideMenu */; };
		B5614CC52C411C91004314EB /* SidemenuViewController.swift in Sources */ = {isa = PBXBuildFile; fileRef = B5614CC42C411C91004314EB /* SidemenuViewController.swift */; };
		B5614CC82C413DA2004314EB /* SidemenuTableViewCell.swift in Sources */ = {isa = PBXBuildFile; fileRef = B5614CC62C413DA2004314EB /* SidemenuTableViewCell.swift */; };
		B5614CC92C413DA2004314EB /* SidemenuTableViewCell.xib in Resources */ = {isa = PBXBuildFile; fileRef = B5614CC72C413DA2004314EB /* SidemenuTableViewCell.xib */; };
		B5614CCB2C415DCA004314EB /* MyAccountViewController.swift in Sources */ = {isa = PBXBuildFile; fileRef = B5614CCA2C415DCA004314EB /* MyAccountViewController.swift */; };
		B5614CCD2C415DF9004314EB /* MyAccountStoryboard.storyboard in Resources */ = {isa = PBXBuildFile; fileRef = B5614CCC2C415DF9004314EB /* MyAccountStoryboard.storyboard */; };
		B566C0C32C56C4BB00F619A7 /* SideMenuModel.swift in Sources */ = {isa = PBXBuildFile; fileRef = B566C0C22C56C4BB00F619A7 /* SideMenuModel.swift */; };
		B56988FE2C4A5E630001C735 /* RegisterTableViewCell.swift in Sources */ = {isa = PBXBuildFile; fileRef = B56988FD2C4A5E630001C735 /* RegisterTableViewCell.swift */; };
		B573877F2C5671B1000CF2A5 /* EditProfileModel.swift in Sources */ = {isa = PBXBuildFile; fileRef = B573877E2C5671B1000CF2A5 /* EditProfileModel.swift */; };
		B588AF122C4A5AE500D46316 /* RegisterViewModel.swift in Sources */ = {isa = PBXBuildFile; fileRef = B588AF112C4A5AE500D46316 /* RegisterViewModel.swift */; };
		B588AF152C4A5AFA00D46316 /* RegisterModel.swift in Sources */ = {isa = PBXBuildFile; fileRef = B588AF142C4A5AFA00D46316 /* RegisterModel.swift */; };
		B597F9FF2C5216C100F82AA8 /* MyAccountViewModel.swift in Sources */ = {isa = PBXBuildFile; fileRef = B597F9FE2C5216C100F82AA8 /* MyAccountViewModel.swift */; };
		B597FA012C5216D300F82AA8 /* EditProfileViewModel.swift in Sources */ = {isa = PBXBuildFile; fileRef = B597FA002C5216D300F82AA8 /* EditProfileViewModel.swift */; };
		B597FA042C521E2B00F82AA8 /* AcessTokenManager.swift in Sources */ = {isa = PBXBuildFile; fileRef = B597FA032C521E2B00F82AA8 /* AcessTokenManager.swift */; };
		B597FA062C5221BE00F82AA8 /* MyAccountModel.swift in Sources */ = {isa = PBXBuildFile; fileRef = B597FA052C5221BE00F82AA8 /* MyAccountModel.swift */; };
		B597FA0F2C527E1F00F82AA8 /* AddToCartViewModel.swift in Sources */ = {isa = PBXBuildFile; fileRef = B597FA0E2C527E1F00F82AA8 /* AddToCartViewModel.swift */; };
		B5A1FEC52C5360FC00234233 /* AddToCartModel.swift in Sources */ = {isa = PBXBuildFile; fileRef = B5A1FEC42C5360FC00234233 /* AddToCartModel.swift */; };
		B5A1FEC72C53646E00234233 /* MyCartViewModel.swift in Sources */ = {isa = PBXBuildFile; fileRef = B5A1FEC62C53646E00234233 /* MyCartViewModel.swift */; };
		B5A1FEC92C5366AF00234233 /* MyCartModel.swift in Sources */ = {isa = PBXBuildFile; fileRef = B5A1FEC82C5366AF00234233 /* MyCartModel.swift */; };
		B5A1FECC2C53A36200234233 /* AddressViewModel.swift in Sources */ = {isa = PBXBuildFile; fileRef = B5A1FECB2C53A36200234233 /* AddressViewModel.swift */; };
		B5A1FECE2C53B8F900234233 /* PlaceOrderViewModel.swift in Sources */ = {isa = PBXBuildFile; fileRef = B5A1FECD2C53B8F900234233 /* PlaceOrderViewModel.swift */; };
		B5A1FED02C53BC5100234233 /* PlaceOrderModel.swift in Sources */ = {isa = PBXBuildFile; fileRef = B5A1FECF2C53BC5100234233 /* PlaceOrderModel.swift */; };
		B5A1FED22C53BFB800234233 /* MyOrdersViewModel.swift in Sources */ = {isa = PBXBuildFile; fileRef = B5A1FED12C53BFB800234233 /* MyOrdersViewModel.swift */; };
		B5A1FED42C53BFD400234233 /* OrderDetailViewModel.swift in Sources */ = {isa = PBXBuildFile; fileRef = B5A1FED32C53BFD400234233 /* OrderDetailViewModel.swift */; };
		B5A1FED62C53C11200234233 /* MyOrdersModel.swift in Sources */ = {isa = PBXBuildFile; fileRef = B5A1FED52C53C11200234233 /* MyOrdersModel.swift */; };
		B5A1FED82C53D1C400234233 /* OrderDetailsModel.swift in Sources */ = {isa = PBXBuildFile; fileRef = B5A1FED72C53D1C400234233 /* OrderDetailsModel.swift */; };
		B5B26FB22C50E3AF0025514B /* ButtonTableViewCell.swift in Sources */ = {isa = PBXBuildFile; fileRef = B5B26FB02C50E3AF0025514B /* ButtonTableViewCell.swift */; };
		B5B26FB32C50E3AF0025514B /* ButtonTableViewCell.xib in Resources */ = {isa = PBXBuildFile; fileRef = B5B26FB12C50E3AF0025514B /* ButtonTableViewCell.xib */; };
		B5BA19B62C47DC6E009DD925 /* ProductRatingViewController.swift in Sources */ = {isa = PBXBuildFile; fileRef = B5BA19B52C47DC6E009DD925 /* ProductRatingViewController.swift */; };
		B5BA19BD2C47E646009DD925 /* RatingCollectionViewCell.swift in Sources */ = {isa = PBXBuildFile; fileRef = B5BA19BB2C47E646009DD925 /* RatingCollectionViewCell.swift */; };
		B5BA19BE2C47E646009DD925 /* RatingCollectionViewCell.xib in Resources */ = {isa = PBXBuildFile; fileRef = B5BA19BC2C47E646009DD925 /* RatingCollectionViewCell.xib */; };
		B5DEE7D82C422D35003B32AE /* MyOrdersTableViewController.swift in Sources */ = {isa = PBXBuildFile; fileRef = B5DEE7D72C422D35003B32AE /* MyOrdersTableViewController.swift */; };
		B5DEE7DB2C422D60003B32AE /* MyOrdersTableViewCell.swift in Sources */ = {isa = PBXBuildFile; fileRef = B5DEE7D92C422D60003B32AE /* MyOrdersTableViewCell.swift */; };
		B5DEE7DC2C422D60003B32AE /* MyOrdersTableViewCell.xib in Resources */ = {isa = PBXBuildFile; fileRef = B5DEE7DA2C422D60003B32AE /* MyOrdersTableViewCell.xib */; };
		B5DEE7E02C423D41003B32AE /* OrderIDTableViewController.swift in Sources */ = {isa = PBXBuildFile; fileRef = B5DEE7DF2C423D41003B32AE /* OrderIDTableViewController.swift */; };
		B5DEE7E32C423DE1003B32AE /* OrderIDTableViewCell.swift in Sources */ = {isa = PBXBuildFile; fileRef = B5DEE7E12C423DE1003B32AE /* OrderIDTableViewCell.swift */; };
		B5DEE7E42C423DE1003B32AE /* OrderIDTableViewCell.xib in Resources */ = {isa = PBXBuildFile; fileRef = B5DEE7E22C423DE1003B32AE /* OrderIDTableViewCell.xib */; };
		B5DEE7E92C42457D003B32AE /* MyAccountTableViewCell.swift in Sources */ = {isa = PBXBuildFile; fileRef = B5DEE7E72C42457D003B32AE /* MyAccountTableViewCell.swift */; };
		B5DEE7EA2C42457D003B32AE /* MyAccountTableViewCell.xib in Resources */ = {isa = PBXBuildFile; fileRef = B5DEE7E82C42457D003B32AE /* MyAccountTableViewCell.xib */; };
		B5E4E3662C48D4DC00650B91 /* SofaListViewController.swift in Sources */ = {isa = PBXBuildFile; fileRef = B5E4E3652C48D4DC00650B91 /* SofaListViewController.swift */; };
		B5E4E3682C48D51B00650B91 /* CupboardListViewController.swift in Sources */ = {isa = PBXBuildFile; fileRef = B5E4E3672C48D51B00650B91 /* CupboardListViewController.swift */; };
		B5E4E36A2C48D53300650B91 /* ChairsListViewController.swift in Sources */ = {isa = PBXBuildFile; fileRef = B5E4E3692C48D53300650B91 /* ChairsListViewController.swift */; };
		B5E4E3732C490B1E00650B91 /* TotalPriceTableViewCell.swift in Sources */ = {isa = PBXBuildFile; fileRef = B5E4E3712C490B1E00650B91 /* TotalPriceTableViewCell.swift */; };
		B5E4E3742C490B1E00650B91 /* TotalPriceTableViewCell.xib in Resources */ = {isa = PBXBuildFile; fileRef = B5E4E3722C490B1E00650B91 /* TotalPriceTableViewCell.xib */; };
		B5E4E3762C490F8300650B91 /* ShowAlert.swift in Sources */ = {isa = PBXBuildFile; fileRef = B5E4E3752C490F8300650B91 /* ShowAlert.swift */; };
		B5E4E3782C49209C00650B91 /* ViewControllerTitleExtension.swift in Sources */ = {isa = PBXBuildFile; fileRef = B5E4E3772C49209C00650B91 /* ViewControllerTitleExtension.swift */; };
		B5E4E37B2C4945EC00650B91 /* MycartTableViewCell.swift in Sources */ = {isa = PBXBuildFile; fileRef = B5E4E3792C4945EC00650B91 /* MycartTableViewCell.swift */; };
		B5E4E37C2C4945EC00650B91 /* MycartTableViewCell.xib in Resources */ = {isa = PBXBuildFile; fileRef = B5E4E37A2C4945EC00650B91 /* MycartTableViewCell.xib */; };
		B5FE53702C3E4C8A00629919 /* AppDelegate.swift in Sources */ = {isa = PBXBuildFile; fileRef = B5FE536F2C3E4C8A00629919 /* AppDelegate.swift */; };
		B5FE53722C3E4C8A00629919 /* SceneDelegate.swift in Sources */ = {isa = PBXBuildFile; fileRef = B5FE53712C3E4C8A00629919 /* SceneDelegate.swift */; };
		B5FE53742C3E4C8A00629919 /* LoginViewController.swift in Sources */ = {isa = PBXBuildFile; fileRef = B5FE53732C3E4C8A00629919 /* LoginViewController.swift */; };
		B5FE53772C3E4C8A00629919 /* Main.storyboard in Resources */ = {isa = PBXBuildFile; fileRef = B5FE53752C3E4C8A00629919 /* Main.storyboard */; };
		B5FE53792C3E4C8F00629919 /* Assets.xcassets in Resources */ = {isa = PBXBuildFile; fileRef = B5FE53782C3E4C8F00629919 /* Assets.xcassets */; };
		B5FE537C2C3E4C8F00629919 /* LaunchScreen.storyboard in Resources */ = {isa = PBXBuildFile; fileRef = B5FE537A2C3E4C8F00629919 /* LaunchScreen.storyboard */; };
		B5FE53872C3E4C8F00629919 /* NeoProductAppTests.swift in Sources */ = {isa = PBXBuildFile; fileRef = B5FE53862C3E4C8F00629919 /* NeoProductAppTests.swift */; };
		B5FE53912C3E4C8F00629919 /* NeoProductAppUITests.swift in Sources */ = {isa = PBXBuildFile; fileRef = B5FE53902C3E4C8F00629919 /* NeoProductAppUITests.swift */; };
		B5FE53932C3E4C8F00629919 /* NeoProductAppUITestsLaunchTests.swift in Sources */ = {isa = PBXBuildFile; fileRef = B5FE53922C3E4C8F00629919 /* NeoProductAppUITestsLaunchTests.swift */; };
		B5FE53A22C3E506900629919 /* RegisterViewController.swift in Sources */ = {isa = PBXBuildFile; fileRef = B5FE53A12C3E506900629919 /* RegisterViewController.swift */; };
		B5FE53A82C3E534D00629919 /* ProductListTableViewCell.swift in Sources */ = {isa = PBXBuildFile; fileRef = B5FE53A62C3E534D00629919 /* ProductListTableViewCell.swift */; };
		B5FE53A92C3E534D00629919 /* ProductListTableViewCell.xib in Resources */ = {isa = PBXBuildFile; fileRef = B5FE53A72C3E534D00629919 /* ProductListTableViewCell.xib */; };
		B5FE53AC2C3E57A100629919 /* ProductListViewController.swift in Sources */ = {isa = PBXBuildFile; fileRef = B5FE53AB2C3E57A100629919 /* ProductListViewController.swift */; };
		B5FE53AF2C3E5D1B00629919 /* ProductDetailsViewController.swift in Sources */ = {isa = PBXBuildFile; fileRef = B5FE53AE2C3E5D1B00629919 /* ProductDetailsViewController.swift */; };
		B5FE53B12C3E6BCC00629919 /* ProductsListViewModel.swift in Sources */ = {isa = PBXBuildFile; fileRef = B5FE53B02C3E6BCC00629919 /* ProductsListViewModel.swift */; };
		B5FE53B72C3E6C5F00629919 /* NetworkManager.swift in Sources */ = {isa = PBXBuildFile; fileRef = B5FE53B62C3E6C5F00629919 /* NetworkManager.swift */; };
		B5FE53BA2C3E6CDA00629919 /* Constants.swift in Sources */ = {isa = PBXBuildFile; fileRef = B5FE53B92C3E6CDA00629919 /* Constants.swift */; };
		B5FE53BC2C3E6F4500629919 /* ProductDetailsModel.swift in Sources */ = {isa = PBXBuildFile; fileRef = B5FE53BB2C3E6F4500629919 /* ProductDetailsModel.swift */; };
		B5FE53BF2C3E82C300629919 /* ProductsListModel.swift in Sources */ = {isa = PBXBuildFile; fileRef = B5FE53BE2C3E82C300629919 /* ProductsListModel.swift */; };
		B5FE53C32C3E83F200629919 /* ProductDetailsViewModel.swift in Sources */ = {isa = PBXBuildFile; fileRef = B5FE53C22C3E83F200629919 /* ProductDetailsViewModel.swift */; };
/* End PBXBuildFile section */

/* Begin PBXContainerItemProxy section */
		B5FE53832C3E4C8F00629919 /* PBXContainerItemProxy */ = {
			isa = PBXContainerItemProxy;
			containerPortal = B5FE53642C3E4C8A00629919 /* Project object */;
			proxyType = 1;
			remoteGlobalIDString = B5FE536B2C3E4C8A00629919;
			remoteInfo = NeoProductApp;
		};
		B5FE538D2C3E4C8F00629919 /* PBXContainerItemProxy */ = {
			isa = PBXContainerItemProxy;
			containerPortal = B5FE53642C3E4C8A00629919 /* Project object */;
			proxyType = 1;
			remoteGlobalIDString = B5FE536B2C3E4C8A00629919;
			remoteInfo = NeoProductApp;
		};
/* End PBXContainerItemProxy section */

/* Begin PBXFileReference section */
		13902882BF628A82A703A5F6 /* Pods_NeoProductApp.framework */ = {isa = PBXFileReference; explicitFileType = wrapper.framework; includeInIndex = 0; path = Pods_NeoProductApp.framework; sourceTree = BUILT_PRODUCTS_DIR; };
		1503D2A537CC6C111AC6B94C /* Pods-NeoProductApp.release.xcconfig */ = {isa = PBXFileReference; includeInIndex = 1; lastKnownFileType = text.xcconfig; name = "Pods-NeoProductApp.release.xcconfig"; path = "Target Support Files/Pods-NeoProductApp/Pods-NeoProductApp.release.xcconfig"; sourceTree = "<group>"; };
		AE384FBE3F620EAE12AC0D4B /* Pods-NeoProductApp.debug.xcconfig */ = {isa = PBXFileReference; includeInIndex = 1; lastKnownFileType = text.xcconfig; name = "Pods-NeoProductApp.debug.xcconfig"; path = "Target Support Files/Pods-NeoProductApp/Pods-NeoProductApp.debug.xcconfig"; sourceTree = "<group>"; };
		B50259282C560EF00073CB4D /* EditCartViewModel.swift */ = {isa = PBXFileReference; lastKnownFileType = sourcecode.swift; path = EditCartViewModel.swift; sourceTree = "<group>"; };
		B502592A2C5614010073CB4D /* EditCartModel.swift */ = {isa = PBXFileReference; lastKnownFileType = sourcecode.swift; path = EditCartModel.swift; sourceTree = "<group>"; };
		B502592C2C5617330073CB4D /* CartDeleteViewModel.swift */ = {isa = PBXFileReference; lastKnownFileType = sourcecode.swift; path = CartDeleteViewModel.swift; sourceTree = "<group>"; };
		B502592E2C5617420073CB4D /* CartDeleteModel.swift */ = {isa = PBXFileReference; lastKnownFileType = sourcecode.swift; path = CartDeleteModel.swift; sourceTree = "<group>"; };
		B50259302C5621F50073CB4D /* ImagesDisplayCollectionViewCell.swift */ = {isa = PBXFileReference; lastKnownFileType = sourcecode.swift; path = ImagesDisplayCollectionViewCell.swift; sourceTree = "<group>"; };
		B50259312C5621F50073CB4D /* ImagesDisplayCollectionViewCell.xib */ = {isa = PBXFileReference; lastKnownFileType = file.xib; path = ImagesDisplayCollectionViewCell.xib; sourceTree = "<group>"; };
		B506432C2C54A144004E7C2E /* ImageStore.swift */ = {isa = PBXFileReference; lastKnownFileType = sourcecode.swift; path = ImageStore.swift; sourceTree = "<group>"; };
		B506432F2C5535CA004E7C2E /* RegisterTableViewCell.xib */ = {isa = PBXFileReference; lastKnownFileType = file.xib; path = RegisterTableViewCell.xib; sourceTree = "<group>"; };
		B50643322C557EBE004E7C2E /* ProductRatingViewModel.swift */ = {isa = PBXFileReference; lastKnownFileType = sourcecode.swift; path = ProductRatingViewModel.swift; sourceTree = "<group>"; };
		B50643342C558086004E7C2E /* ProductRatingModel.swift */ = {isa = PBXFileReference; lastKnownFileType = sourcecode.swift; path = ProductRatingModel.swift; sourceTree = "<group>"; };
		B5121C3E2C4F82A000CEC824 /* LoginViewModel.swift */ = {isa = PBXFileReference; lastKnownFileType = sourcecode.swift; path = LoginViewModel.swift; sourceTree = "<group>"; };
		B5121C402C4F82AF00CEC824 /* LoginModel.swift */ = {isa = PBXFileReference; lastKnownFileType = sourcecode.swift; path = LoginModel.swift; sourceTree = "<group>"; };
		B5121C472C4F841600CEC824 /* ForgotPasswordModel.swift */ = {isa = PBXFileReference; lastKnownFileType = sourcecode.swift; path = ForgotPasswordModel.swift; sourceTree = "<group>"; };
		B5121C522C4F88CE00CEC824 /* ResetPasswordViewModel.swift */ = {isa = PBXFileReference; lastKnownFileType = sourcecode.swift; path = ResetPasswordViewModel.swift; sourceTree = "<group>"; };
		B5121C542C4F88E500CEC824 /* ResetPasswordModel.swift */ = {isa = PBXFileReference; lastKnownFileType = sourcecode.swift; path = ResetPasswordModel.swift; sourceTree = "<group>"; };
		B523F98C2C4689B800A1647B /* StoreLocatorViewController.swift */ = {isa = PBXFileReference; lastKnownFileType = sourcecode.swift; path = StoreLocatorViewController.swift; sourceTree = "<group>"; };
		B523F98E2C469B7000A1647B /* ProductQuantityViewController.swift */ = {isa = PBXFileReference; lastKnownFileType = sourcecode.swift; path = ProductQuantityViewController.swift; sourceTree = "<group>"; };
		B523F9902C46A90F00A1647B /* StoreLocatorTableViewCell.swift */ = {isa = PBXFileReference; lastKnownFileType = sourcecode.swift; path = StoreLocatorTableViewCell.swift; sourceTree = "<group>"; };
		B53C154B2C57384E007F6DA7 /* GothamMedium_1.ttf */ = {isa = PBXFileReference; lastKnownFileType = file; path = GothamMedium_1.ttf; sourceTree = "<group>"; };
		B53C154C2C57385C007F6DA7 /* Gotham-Bold.otf */ = {isa = PBXFileReference; lastKnownFileType = file; path = "Gotham-Bold.otf"; sourceTree = "<group>"; };
		B53C154D2C57387C007F6DA7 /* GothamBook.ttf */ = {isa = PBXFileReference; lastKnownFileType = file; path = GothamBook.ttf; sourceTree = "<group>"; };
		B53C154E2C575733007F6DA7 /* GothamMedium.ttf */ = {isa = PBXFileReference; lastKnownFileType = file; path = GothamMedium.ttf; sourceTree = "<group>"; };
		B53C15502C57890D007F6DA7 /* ForgotPasswordViewModel.swift */ = {isa = PBXFileReference; fileEncoding = 4; lastKnownFileType = sourcecode.swift; path = ForgotPasswordViewModel.swift; sourceTree = "<group>"; };
		B54A9BBF2C3FFED700CA1E65 /* HomeScreenViewController.swift */ = {isa = PBXFileReference; lastKnownFileType = sourcecode.swift; path = HomeScreenViewController.swift; sourceTree = "<group>"; };
		B54A9BC82C40094F00CA1E65 /* DisplayCollectionViewCell.swift */ = {isa = PBXFileReference; lastKnownFileType = sourcecode.swift; path = DisplayCollectionViewCell.swift; sourceTree = "<group>"; };
		B54A9BC92C40094F00CA1E65 /* DisplayCollectionViewCell.xib */ = {isa = PBXFileReference; lastKnownFileType = file.xib; path = DisplayCollectionViewCell.xib; sourceTree = "<group>"; };
		B54A9BCD2C40098000CA1E65 /* CategoryCollectionViewCell.swift */ = {isa = PBXFileReference; lastKnownFileType = sourcecode.swift; path = CategoryCollectionViewCell.swift; sourceTree = "<group>"; };
		B54A9BCE2C40098000CA1E65 /* CategoryCollectionViewCell.xib */ = {isa = PBXFileReference; lastKnownFileType = file.xib; path = CategoryCollectionViewCell.xib; sourceTree = "<group>"; };
		B54A9BD22C40117C00CA1E65 /* HomeScreenStoryboard.storyboard */ = {isa = PBXFileReference; lastKnownFileType = file.storyboard; path = HomeScreenStoryboard.storyboard; sourceTree = "<group>"; };
		B54A9BD42C4014F500CA1E65 /* RegisterViewStoryboard.storyboard */ = {isa = PBXFileReference; lastKnownFileType = file.storyboard; path = RegisterViewStoryboard.storyboard; sourceTree = "<group>"; };
		B55BFF292C44FA0800214BCA /* AddAddressViewController.swift */ = {isa = PBXFileReference; lastKnownFileType = sourcecode.swift; path = AddAddressViewController.swift; sourceTree = "<group>"; };
		B55BFF322C450A9600214BCA /* AddressListViewController.swift */ = {isa = PBXFileReference; lastKnownFileType = sourcecode.swift; path = AddressListViewController.swift; sourceTree = "<group>"; };
		B55BFF342C451AB300214BCA /* AddedAddressTableViewCell.swift */ = {isa = PBXFileReference; lastKnownFileType = sourcecode.swift; path = AddedAddressTableViewCell.swift; sourceTree = "<group>"; };
		B55BFF352C451AB300214BCA /* AddedAddressTableViewCell.xib */ = {isa = PBXFileReference; lastKnownFileType = file.xib; path = AddedAddressTableViewCell.xib; sourceTree = "<group>"; };
		B55BFF382C4526A500214BCA /* MyCartViewController.swift */ = {isa = PBXFileReference; lastKnownFileType = sourcecode.swift; path = MyCartViewController.swift; sourceTree = "<group>"; };
		B5614CBA2C40E97F004314EB /* TextFieldHelper.swift */ = {isa = PBXFileReference; lastKnownFileType = sourcecode.swift; path = TextFieldHelper.swift; sourceTree = "<group>"; };
		B5614CBF2C4108D3004314EB /* ResetPasswordViewController.swift */ = {isa = PBXFileReference; lastKnownFileType = sourcecode.swift; path = ResetPasswordViewController.swift; sourceTree = "<group>"; };
		B5614CC42C411C91004314EB /* SidemenuViewController.swift */ = {isa = PBXFileReference; lastKnownFileType = sourcecode.swift; path = SidemenuViewController.swift; sourceTree = "<group>"; };
		B5614CC62C413DA2004314EB /* SidemenuTableViewCell.swift */ = {isa = PBXFileReference; lastKnownFileType = sourcecode.swift; path = SidemenuTableViewCell.swift; sourceTree = "<group>"; };
		B5614CC72C413DA2004314EB /* SidemenuTableViewCell.xib */ = {isa = PBXFileReference; lastKnownFileType = file.xib; path = SidemenuTableViewCell.xib; sourceTree = "<group>"; };
		B5614CCA2C415DCA004314EB /* MyAccountViewController.swift */ = {isa = PBXFileReference; lastKnownFileType = sourcecode.swift; path = MyAccountViewController.swift; sourceTree = "<group>"; };
		B5614CCC2C415DF9004314EB /* MyAccountStoryboard.storyboard */ = {isa = PBXFileReference; lastKnownFileType = file.storyboard; path = MyAccountStoryboard.storyboard; sourceTree = "<group>"; };
		B566C0C22C56C4BB00F619A7 /* SideMenuModel.swift */ = {isa = PBXFileReference; lastKnownFileType = sourcecode.swift; path = SideMenuModel.swift; sourceTree = "<group>"; };
		B56988FD2C4A5E630001C735 /* RegisterTableViewCell.swift */ = {isa = PBXFileReference; lastKnownFileType = sourcecode.swift; path = RegisterTableViewCell.swift; sourceTree = "<group>"; };
		B573877E2C5671B1000CF2A5 /* EditProfileModel.swift */ = {isa = PBXFileReference; lastKnownFileType = sourcecode.swift; path = EditProfileModel.swift; sourceTree = "<group>"; };
		B588AF112C4A5AE500D46316 /* RegisterViewModel.swift */ = {isa = PBXFileReference; lastKnownFileType = sourcecode.swift; path = RegisterViewModel.swift; sourceTree = "<group>"; };
		B588AF142C4A5AFA00D46316 /* RegisterModel.swift */ = {isa = PBXFileReference; lastKnownFileType = sourcecode.swift; path = RegisterModel.swift; sourceTree = "<group>"; };
		B597F9FE2C5216C100F82AA8 /* MyAccountViewModel.swift */ = {isa = PBXFileReference; lastKnownFileType = sourcecode.swift; path = MyAccountViewModel.swift; sourceTree = "<group>"; };
		B597FA002C5216D300F82AA8 /* EditProfileViewModel.swift */ = {isa = PBXFileReference; lastKnownFileType = sourcecode.swift; path = EditProfileViewModel.swift; sourceTree = "<group>"; };
		B597FA032C521E2B00F82AA8 /* AcessTokenManager.swift */ = {isa = PBXFileReference; lastKnownFileType = sourcecode.swift; path = AcessTokenManager.swift; sourceTree = "<group>"; };
		B597FA052C5221BE00F82AA8 /* MyAccountModel.swift */ = {isa = PBXFileReference; lastKnownFileType = sourcecode.swift; path = MyAccountModel.swift; sourceTree = "<group>"; };
		B597FA0E2C527E1F00F82AA8 /* AddToCartViewModel.swift */ = {isa = PBXFileReference; lastKnownFileType = sourcecode.swift; path = AddToCartViewModel.swift; sourceTree = "<group>"; };
		B5A1FEC42C5360FC00234233 /* AddToCartModel.swift */ = {isa = PBXFileReference; lastKnownFileType = sourcecode.swift; path = AddToCartModel.swift; sourceTree = "<group>"; };
		B5A1FEC62C53646E00234233 /* MyCartViewModel.swift */ = {isa = PBXFileReference; lastKnownFileType = sourcecode.swift; path = MyCartViewModel.swift; sourceTree = "<group>"; };
		B5A1FEC82C5366AF00234233 /* MyCartModel.swift */ = {isa = PBXFileReference; lastKnownFileType = sourcecode.swift; path = MyCartModel.swift; sourceTree = "<group>"; };
		B5A1FECB2C53A36200234233 /* AddressViewModel.swift */ = {isa = PBXFileReference; lastKnownFileType = sourcecode.swift; path = AddressViewModel.swift; sourceTree = "<group>"; };
		B5A1FECD2C53B8F900234233 /* PlaceOrderViewModel.swift */ = {isa = PBXFileReference; lastKnownFileType = sourcecode.swift; path = PlaceOrderViewModel.swift; sourceTree = "<group>"; };
		B5A1FECF2C53BC5100234233 /* PlaceOrderModel.swift */ = {isa = PBXFileReference; lastKnownFileType = sourcecode.swift; path = PlaceOrderModel.swift; sourceTree = "<group>"; };
		B5A1FED12C53BFB800234233 /* MyOrdersViewModel.swift */ = {isa = PBXFileReference; lastKnownFileType = sourcecode.swift; path = MyOrdersViewModel.swift; sourceTree = "<group>"; };
		B5A1FED32C53BFD400234233 /* OrderDetailViewModel.swift */ = {isa = PBXFileReference; lastKnownFileType = sourcecode.swift; path = OrderDetailViewModel.swift; sourceTree = "<group>"; };
		B5A1FED52C53C11200234233 /* MyOrdersModel.swift */ = {isa = PBXFileReference; lastKnownFileType = sourcecode.swift; path = MyOrdersModel.swift; sourceTree = "<group>"; };
		B5A1FED72C53D1C400234233 /* OrderDetailsModel.swift */ = {isa = PBXFileReference; lastKnownFileType = sourcecode.swift; path = OrderDetailsModel.swift; sourceTree = "<group>"; };
		B5B26FB02C50E3AF0025514B /* ButtonTableViewCell.swift */ = {isa = PBXFileReference; lastKnownFileType = sourcecode.swift; path = ButtonTableViewCell.swift; sourceTree = "<group>"; };
		B5B26FB12C50E3AF0025514B /* ButtonTableViewCell.xib */ = {isa = PBXFileReference; lastKnownFileType = file.xib; path = ButtonTableViewCell.xib; sourceTree = "<group>"; };
		B5BA19B52C47DC6E009DD925 /* ProductRatingViewController.swift */ = {isa = PBXFileReference; lastKnownFileType = sourcecode.swift; path = ProductRatingViewController.swift; sourceTree = "<group>"; };
		B5BA19BB2C47E646009DD925 /* RatingCollectionViewCell.swift */ = {isa = PBXFileReference; lastKnownFileType = sourcecode.swift; path = RatingCollectionViewCell.swift; sourceTree = "<group>"; };
		B5BA19BC2C47E646009DD925 /* RatingCollectionViewCell.xib */ = {isa = PBXFileReference; lastKnownFileType = file.xib; path = RatingCollectionViewCell.xib; sourceTree = "<group>"; };
		B5DEE7D72C422D35003B32AE /* MyOrdersTableViewController.swift */ = {isa = PBXFileReference; lastKnownFileType = sourcecode.swift; path = MyOrdersTableViewController.swift; sourceTree = "<group>"; };
		B5DEE7D92C422D60003B32AE /* MyOrdersTableViewCell.swift */ = {isa = PBXFileReference; lastKnownFileType = sourcecode.swift; path = MyOrdersTableViewCell.swift; sourceTree = "<group>"; };
		B5DEE7DA2C422D60003B32AE /* MyOrdersTableViewCell.xib */ = {isa = PBXFileReference; lastKnownFileType = file.xib; path = MyOrdersTableViewCell.xib; sourceTree = "<group>"; };
		B5DEE7DF2C423D41003B32AE /* OrderIDTableViewController.swift */ = {isa = PBXFileReference; lastKnownFileType = sourcecode.swift; path = OrderIDTableViewController.swift; sourceTree = "<group>"; };
		B5DEE7E12C423DE1003B32AE /* OrderIDTableViewCell.swift */ = {isa = PBXFileReference; lastKnownFileType = sourcecode.swift; path = OrderIDTableViewCell.swift; sourceTree = "<group>"; };
		B5DEE7E22C423DE1003B32AE /* OrderIDTableViewCell.xib */ = {isa = PBXFileReference; lastKnownFileType = file.xib; path = OrderIDTableViewCell.xib; sourceTree = "<group>"; };
		B5DEE7E72C42457D003B32AE /* MyAccountTableViewCell.swift */ = {isa = PBXFileReference; lastKnownFileType = sourcecode.swift; path = MyAccountTableViewCell.swift; sourceTree = "<group>"; };
		B5DEE7E82C42457D003B32AE /* MyAccountTableViewCell.xib */ = {isa = PBXFileReference; lastKnownFileType = file.xib; path = MyAccountTableViewCell.xib; sourceTree = "<group>"; };
		B5E4E3652C48D4DC00650B91 /* SofaListViewController.swift */ = {isa = PBXFileReference; lastKnownFileType = sourcecode.swift; path = SofaListViewController.swift; sourceTree = "<group>"; };
		B5E4E3672C48D51B00650B91 /* CupboardListViewController.swift */ = {isa = PBXFileReference; lastKnownFileType = sourcecode.swift; path = CupboardListViewController.swift; sourceTree = "<group>"; };
		B5E4E3692C48D53300650B91 /* ChairsListViewController.swift */ = {isa = PBXFileReference; lastKnownFileType = sourcecode.swift; path = ChairsListViewController.swift; sourceTree = "<group>"; };
		B5E4E3712C490B1E00650B91 /* TotalPriceTableViewCell.swift */ = {isa = PBXFileReference; lastKnownFileType = sourcecode.swift; path = TotalPriceTableViewCell.swift; sourceTree = "<group>"; };
		B5E4E3722C490B1E00650B91 /* TotalPriceTableViewCell.xib */ = {isa = PBXFileReference; lastKnownFileType = file.xib; path = TotalPriceTableViewCell.xib; sourceTree = "<group>"; };
		B5E4E3752C490F8300650B91 /* ShowAlert.swift */ = {isa = PBXFileReference; lastKnownFileType = sourcecode.swift; path = ShowAlert.swift; sourceTree = "<group>"; };
		B5E4E3772C49209C00650B91 /* ViewControllerTitleExtension.swift */ = {isa = PBXFileReference; lastKnownFileType = sourcecode.swift; path = ViewControllerTitleExtension.swift; sourceTree = "<group>"; };
		B5E4E3792C4945EC00650B91 /* MycartTableViewCell.swift */ = {isa = PBXFileReference; lastKnownFileType = sourcecode.swift; path = MycartTableViewCell.swift; sourceTree = "<group>"; };
		B5E4E37A2C4945EC00650B91 /* MycartTableViewCell.xib */ = {isa = PBXFileReference; lastKnownFileType = file.xib; path = MycartTableViewCell.xib; sourceTree = "<group>"; };
		B5FE536C2C3E4C8A00629919 /* NeoProductApp.app */ = {isa = PBXFileReference; explicitFileType = wrapper.application; includeInIndex = 0; path = NeoProductApp.app; sourceTree = BUILT_PRODUCTS_DIR; };
		B5FE536F2C3E4C8A00629919 /* AppDelegate.swift */ = {isa = PBXFileReference; lastKnownFileType = sourcecode.swift; path = AppDelegate.swift; sourceTree = "<group>"; };
		B5FE53712C3E4C8A00629919 /* SceneDelegate.swift */ = {isa = PBXFileReference; lastKnownFileType = sourcecode.swift; path = SceneDelegate.swift; sourceTree = "<group>"; };
		B5FE53732C3E4C8A00629919 /* LoginViewController.swift */ = {isa = PBXFileReference; lastKnownFileType = sourcecode.swift; path = LoginViewController.swift; sourceTree = "<group>"; };
		B5FE53762C3E4C8A00629919 /* Base */ = {isa = PBXFileReference; lastKnownFileType = file.storyboard; name = Base; path = Base.lproj/Main.storyboard; sourceTree = "<group>"; };
		B5FE53782C3E4C8F00629919 /* Assets.xcassets */ = {isa = PBXFileReference; lastKnownFileType = folder.assetcatalog; path = Assets.xcassets; sourceTree = "<group>"; };
		B5FE537B2C3E4C8F00629919 /* Base */ = {isa = PBXFileReference; lastKnownFileType = file.storyboard; name = Base; path = Base.lproj/LaunchScreen.storyboard; sourceTree = "<group>"; };
		B5FE537D2C3E4C8F00629919 /* Info.plist */ = {isa = PBXFileReference; lastKnownFileType = text.plist.xml; path = Info.plist; sourceTree = "<group>"; };
		B5FE53822C3E4C8F00629919 /* NeoProductAppTests.xctest */ = {isa = PBXFileReference; explicitFileType = wrapper.cfbundle; includeInIndex = 0; path = NeoProductAppTests.xctest; sourceTree = BUILT_PRODUCTS_DIR; };
		B5FE53862C3E4C8F00629919 /* NeoProductAppTests.swift */ = {isa = PBXFileReference; lastKnownFileType = sourcecode.swift; path = NeoProductAppTests.swift; sourceTree = "<group>"; };
		B5FE538C2C3E4C8F00629919 /* NeoProductAppUITests.xctest */ = {isa = PBXFileReference; explicitFileType = wrapper.cfbundle; includeInIndex = 0; path = NeoProductAppUITests.xctest; sourceTree = BUILT_PRODUCTS_DIR; };
		B5FE53902C3E4C8F00629919 /* NeoProductAppUITests.swift */ = {isa = PBXFileReference; lastKnownFileType = sourcecode.swift; path = NeoProductAppUITests.swift; sourceTree = "<group>"; };
		B5FE53922C3E4C8F00629919 /* NeoProductAppUITestsLaunchTests.swift */ = {isa = PBXFileReference; lastKnownFileType = sourcecode.swift; path = NeoProductAppUITestsLaunchTests.swift; sourceTree = "<group>"; };
		B5FE53A12C3E506900629919 /* RegisterViewController.swift */ = {isa = PBXFileReference; lastKnownFileType = sourcecode.swift; path = RegisterViewController.swift; sourceTree = "<group>"; };
		B5FE53A62C3E534D00629919 /* ProductListTableViewCell.swift */ = {isa = PBXFileReference; lastKnownFileType = sourcecode.swift; path = ProductListTableViewCell.swift; sourceTree = "<group>"; };
		B5FE53A72C3E534D00629919 /* ProductListTableViewCell.xib */ = {isa = PBXFileReference; lastKnownFileType = file.xib; path = ProductListTableViewCell.xib; sourceTree = "<group>"; };
		B5FE53AB2C3E57A100629919 /* ProductListViewController.swift */ = {isa = PBXFileReference; lastKnownFileType = sourcecode.swift; path = ProductListViewController.swift; sourceTree = "<group>"; };
		B5FE53AE2C3E5D1B00629919 /* ProductDetailsViewController.swift */ = {isa = PBXFileReference; lastKnownFileType = sourcecode.swift; path = ProductDetailsViewController.swift; sourceTree = "<group>"; };
		B5FE53B02C3E6BCC00629919 /* ProductsListViewModel.swift */ = {isa = PBXFileReference; lastKnownFileType = sourcecode.swift; path = ProductsListViewModel.swift; sourceTree = "<group>"; };
		B5FE53B62C3E6C5F00629919 /* NetworkManager.swift */ = {isa = PBXFileReference; lastKnownFileType = sourcecode.swift; path = NetworkManager.swift; sourceTree = "<group>"; };
		B5FE53B92C3E6CDA00629919 /* Constants.swift */ = {isa = PBXFileReference; lastKnownFileType = sourcecode.swift; path = Constants.swift; sourceTree = "<group>"; };
		B5FE53BB2C3E6F4500629919 /* ProductDetailsModel.swift */ = {isa = PBXFileReference; lastKnownFileType = sourcecode.swift; path = ProductDetailsModel.swift; sourceTree = "<group>"; };
		B5FE53BE2C3E82C300629919 /* ProductsListModel.swift */ = {isa = PBXFileReference; lastKnownFileType = sourcecode.swift; path = ProductsListModel.swift; sourceTree = "<group>"; };
		B5FE53C22C3E83F200629919 /* ProductDetailsViewModel.swift */ = {isa = PBXFileReference; lastKnownFileType = sourcecode.swift; path = ProductDetailsViewModel.swift; sourceTree = "<group>"; };
/* End PBXFileReference section */

/* Begin PBXFrameworksBuildPhase section */
		B5FE53692C3E4C8A00629919 /* Frameworks */ = {
			isa = PBXFrameworksBuildPhase;
			buildActionMask = 2147483647;
			files = (
				B5614CC32C4116C5004314EB /* SideMenu in Frameworks */,
				60CE49D23C451808F5F68278 /* Pods_NeoProductApp.framework in Frameworks */,
			);
			runOnlyForDeploymentPostprocessing = 0;
		};
		B5FE537F2C3E4C8F00629919 /* Frameworks */ = {
			isa = PBXFrameworksBuildPhase;
			buildActionMask = 2147483647;
			files = (
			);
			runOnlyForDeploymentPostprocessing = 0;
		};
		B5FE53892C3E4C8F00629919 /* Frameworks */ = {
			isa = PBXFrameworksBuildPhase;
			buildActionMask = 2147483647;
			files = (
			);
			runOnlyForDeploymentPostprocessing = 0;
		};
/* End PBXFrameworksBuildPhase section */

/* Begin PBXGroup section */
		793C6DD34E0AD68E47C0C687 /* Pods */ = {
			isa = PBXGroup;
			children = (
				AE384FBE3F620EAE12AC0D4B /* Pods-NeoProductApp.debug.xcconfig */,
				1503D2A537CC6C111AC6B94C /* Pods-NeoProductApp.release.xcconfig */,
			);
			path = Pods;
			sourceTree = "<group>";
		};
		B50259342C565C770073CB4D /* Extensions */ = {
			isa = PBXGroup;
			children = (
				B5E4E3772C49209C00650B91 /* ViewControllerTitleExtension.swift */,
			);
			path = Extensions;
			sourceTree = "<group>";
		};
		B50259352C565C9C0073CB4D /* Helpers */ = {
			isa = PBXGroup;
			children = (
				B5614CBA2C40E97F004314EB /* TextFieldHelper.swift */,
				B5E4E3752C490F8300650B91 /* ShowAlert.swift */,
			);
			path = Helpers;
			sourceTree = "<group>";
		};
		B506432B2C54A0EE004E7C2E /* ProfileImage */ = {
			isa = PBXGroup;
			children = (
				B506432C2C54A144004E7C2E /* ImageStore.swift */,
			);
			path = ProfileImage;
			sourceTree = "<group>";
		};
		B5121C3B2C4F821200CEC824 /* View */ = {
			isa = PBXGroup;
			children = (
				B5FE53732C3E4C8A00629919 /* LoginViewController.swift */,
			);
			path = View;
			sourceTree = "<group>";
		};
		B5121C3C2C4F821C00CEC824 /* ViewModel */ = {
			isa = PBXGroup;
			children = (
				B5121C3E2C4F82A000CEC824 /* LoginViewModel.swift */,
			);
			path = ViewModel;
			sourceTree = "<group>";
		};
		B5121C3D2C4F822400CEC824 /* Model */ = {
			isa = PBXGroup;
			children = (
				B5121C402C4F82AF00CEC824 /* LoginModel.swift */,
			);
			path = Model;
			sourceTree = "<group>";
		};
		B5121C422C4F82F300CEC824 /* User */ = {
			isa = PBXGroup;
			children = (
				B5614CBE2C4108BA004314EB /* Account */,
				B5FE539F2C3E4FFA00629919 /* Login */,
				B5FE53A02C3E500A00629919 /* Register */,
				B54A9BAE2C3FDD6000CA1E65 /* Forgotpassword */,
			);
			path = User;
			sourceTree = "<group>";
		};
		B5121C432C4F839500CEC824 /* ViewModel */ = {
			isa = PBXGroup;
			children = (
				B53C15502C57890D007F6DA7 /* ForgotPasswordViewModel.swift */,
			);
			path = ViewModel;
			sourceTree = "<group>";
		};
		B5121C442C4F83A100CEC824 /* Model */ = {
			isa = PBXGroup;
			children = (
				B5121C472C4F841600CEC824 /* ForgotPasswordModel.swift */,
			);
			path = Model;
			sourceTree = "<group>";
		};
		B5121C492C4F842C00CEC824 /* View */ = {
			isa = PBXGroup;
			children = (
				B523F98C2C4689B800A1647B /* StoreLocatorViewController.swift */,
				B5121C4A2C4F843C00CEC824 /* Cell */,
			);
			path = View;
			sourceTree = "<group>";
		};
		B5121C4A2C4F843C00CEC824 /* Cell */ = {
			isa = PBXGroup;
			children = (
				B523F9902C46A90F00A1647B /* StoreLocatorTableViewCell.swift */,
			);
			path = Cell;
			sourceTree = "<group>";
		};
		B5121C4B2C4F845000CEC824 /* View */ = {
			isa = PBXGroup;
			children = (
				B55BFF322C450A9600214BCA /* AddressListViewController.swift */,
				B55BFF292C44FA0800214BCA /* AddAddressViewController.swift */,
				B55BFF2D2C4506E200214BCA /* Cell */,
			);
			path = View;
			sourceTree = "<group>";
		};
		B5121C4C2C4F847B00CEC824 /* ViewModel */ = {
			isa = PBXGroup;
			children = (
				B5A1FECD2C53B8F900234233 /* PlaceOrderViewModel.swift */,
				B5A1FED12C53BFB800234233 /* MyOrdersViewModel.swift */,
				B5A1FED32C53BFD400234233 /* OrderDetailViewModel.swift */,
			);
			path = ViewModel;
			sourceTree = "<group>";
		};
		B5121C4D2C4F849100CEC824 /* Model */ = {
			isa = PBXGroup;
			children = (
				B5A1FECF2C53BC5100234233 /* PlaceOrderModel.swift */,
				B5A1FED52C53C11200234233 /* MyOrdersModel.swift */,
				B5A1FED72C53D1C400234233 /* OrderDetailsModel.swift */,
			);
			path = Model;
			sourceTree = "<group>";
		};
		B5121C4E2C4F84A200CEC824 /* ViewModel */ = {
			isa = PBXGroup;
			children = (
			);
			path = ViewModel;
			sourceTree = "<group>";
		};
		B5121C4F2C4F84AA00CEC824 /* Model */ = {
			isa = PBXGroup;
			children = (
				B566C0C22C56C4BB00F619A7 /* SideMenuModel.swift */,
			);
			path = Model;
			sourceTree = "<group>";
		};
		B5121C502C4F888000CEC824 /* ViewModel */ = {
			isa = PBXGroup;
			children = (
				B597F9FE2C5216C100F82AA8 /* MyAccountViewModel.swift */,
				B5121C522C4F88CE00CEC824 /* ResetPasswordViewModel.swift */,
				B597FA002C5216D300F82AA8 /* EditProfileViewModel.swift */,
			);
			path = ViewModel;
			sourceTree = "<group>";
		};
		B5121C512C4F888B00CEC824 /* Model */ = {
			isa = PBXGroup;
			children = (
				B5121C542C4F88E500CEC824 /* ResetPasswordModel.swift */,
				B597FA052C5221BE00F82AA8 /* MyAccountModel.swift */,
				B573877E2C5671B1000CF2A5 /* EditProfileModel.swift */,
			);
			path = Model;
			sourceTree = "<group>";
		};
		B523F98B2C46897A00A1647B /* StoreLocator */ = {
			isa = PBXGroup;
			children = (
				B5121C492C4F842C00CEC824 /* View */,
			);
			path = StoreLocator;
			sourceTree = "<group>";
		};
		B54A9BAE2C3FDD6000CA1E65 /* Forgotpassword */ = {
			isa = PBXGroup;
			children = (
				B5121C442C4F83A100CEC824 /* Model */,
				B5121C432C4F839500CEC824 /* ViewModel */,
				B54A9BAF2C3FDD8000CA1E65 /* View */,
			);
			path = Forgotpassword;
			sourceTree = "<group>";
		};
		B54A9BAF2C3FDD8000CA1E65 /* View */ = {
			isa = PBXGroup;
			children = (
			);
			path = View;
			sourceTree = "<group>";
		};
		B54A9BB22C3FDF2C00CA1E65 /* Home */ = {
			isa = PBXGroup;
			children = (
				B54A9BD22C40117C00CA1E65 /* HomeScreenStoryboard.storyboard */,
				B5121C4F2C4F84AA00CEC824 /* Model */,
				B5121C4E2C4F84A200CEC824 /* ViewModel */,
				B54A9BD12C400A6000CA1E65 /* View */,
			);
			path = Home;
			sourceTree = "<group>";
		};
		B54A9BC12C40029600CA1E65 /* Cell */ = {
			isa = PBXGroup;
			children = (
				B54A9BC82C40094F00CA1E65 /* DisplayCollectionViewCell.swift */,
				B54A9BC92C40094F00CA1E65 /* DisplayCollectionViewCell.xib */,
				B54A9BCD2C40098000CA1E65 /* CategoryCollectionViewCell.swift */,
				B54A9BCE2C40098000CA1E65 /* CategoryCollectionViewCell.xib */,
				B5614CC62C413DA2004314EB /* SidemenuTableViewCell.swift */,
				B5614CC72C413DA2004314EB /* SidemenuTableViewCell.xib */,
			);
			path = Cell;
			sourceTree = "<group>";
		};
		B54A9BD12C400A6000CA1E65 /* View */ = {
			isa = PBXGroup;
			children = (
				B54A9BBF2C3FFED700CA1E65 /* HomeScreenViewController.swift */,
				B5614CC42C411C91004314EB /* SidemenuViewController.swift */,
				B54A9BC12C40029600CA1E65 /* Cell */,
			);
			path = View;
			sourceTree = "<group>";
		};
		B54A9BD62C4016B700CA1E65 /* Cell */ = {
			isa = PBXGroup;
			children = (
				B5FE53A62C3E534D00629919 /* ProductListTableViewCell.swift */,
				B5FE53A72C3E534D00629919 /* ProductListTableViewCell.xib */,
				B5BA19BB2C47E646009DD925 /* RatingCollectionViewCell.swift */,
				B5BA19BC2C47E646009DD925 /* RatingCollectionViewCell.xib */,
			);
			path = Cell;
			sourceTree = "<group>";
		};
		B55BFF282C44F9A000214BCA /* Address */ = {
			isa = PBXGroup;
			children = (
				B5121C4B2C4F845000CEC824 /* View */,
				B5A1FECA2C53A32900234233 /* ViewModel */,
			);
			path = Address;
			sourceTree = "<group>";
		};
		B55BFF2D2C4506E200214BCA /* Cell */ = {
			isa = PBXGroup;
			children = (
				B55BFF342C451AB300214BCA /* AddedAddressTableViewCell.swift */,
				B55BFF352C451AB300214BCA /* AddedAddressTableViewCell.xib */,
			);
			path = Cell;
			sourceTree = "<group>";
		};
		B5614CBE2C4108BA004314EB /* Account */ = {
			isa = PBXGroup;
			children = (
				B5614CCC2C415DF9004314EB /* MyAccountStoryboard.storyboard */,
				B5121C512C4F888B00CEC824 /* Model */,
				B5121C502C4F888000CEC824 /* ViewModel */,
				B5DEE7E52C42453A003B32AE /* View */,
			);
			path = Account;
			sourceTree = "<group>";
		};
		B588AF0F2C4A5A9C00D46316 /* View */ = {
			isa = PBXGroup;
			children = (
				B5FE53A12C3E506900629919 /* RegisterViewController.swift */,
				B54A9BD42C4014F500CA1E65 /* RegisterViewStoryboard.storyboard */,
				B5FE53A52C3E509D00629919 /* Cell */,
			);
			path = View;
			sourceTree = "<group>";
		};
		B588AF102C4A5AB200D46316 /* ViewModel */ = {
			isa = PBXGroup;
			children = (
				B588AF112C4A5AE500D46316 /* RegisterViewModel.swift */,
			);
			path = ViewModel;
			sourceTree = "<group>";
		};
		B588AF132C4A5AE900D46316 /* Model */ = {
			isa = PBXGroup;
			children = (
				B588AF142C4A5AFA00D46316 /* RegisterModel.swift */,
			);
			path = Model;
			sourceTree = "<group>";
		};
		B597FA022C521DF900F82AA8 /* AccessTokenManger */ = {
			isa = PBXGroup;
			children = (
				B597FA032C521E2B00F82AA8 /* AcessTokenManager.swift */,
			);
			path = AccessTokenManger;
			sourceTree = "<group>";
		};
		B597FA072C52767600F82AA8 /* Cart */ = {
			isa = PBXGroup;
			children = (
				B597FA0A2C52789C00F82AA8 /* Model */,
				B597FA092C52789500F82AA8 /* ViewModel */,
				B597FA082C52788F00F82AA8 /* View */,
			);
			path = Cart;
			sourceTree = "<group>";
		};
		B597FA082C52788F00F82AA8 /* View */ = {
			isa = PBXGroup;
			children = (
				B55BFF382C4526A500214BCA /* MyCartViewController.swift */,
				B597FA0D2C52794F00F82AA8 /* Cell */,
			);
			path = View;
			sourceTree = "<group>";
		};
		B597FA092C52789500F82AA8 /* ViewModel */ = {
			isa = PBXGroup;
			children = (
				B597FA0E2C527E1F00F82AA8 /* AddToCartViewModel.swift */,
				B502592C2C5617330073CB4D /* CartDeleteViewModel.swift */,
				B5A1FEC62C53646E00234233 /* MyCartViewModel.swift */,
				B50259282C560EF00073CB4D /* EditCartViewModel.swift */,
			);
			path = ViewModel;
			sourceTree = "<group>";
		};
		B597FA0A2C52789C00F82AA8 /* Model */ = {
			isa = PBXGroup;
			children = (
				B5A1FEC42C5360FC00234233 /* AddToCartModel.swift */,
				B5A1FEC82C5366AF00234233 /* MyCartModel.swift */,
				B502592A2C5614010073CB4D /* EditCartModel.swift */,
				B502592E2C5617420073CB4D /* CartDeleteModel.swift */,
			);
			path = Model;
			sourceTree = "<group>";
		};
		B597FA0D2C52794F00F82AA8 /* Cell */ = {
			isa = PBXGroup;
			children = (
				B5E4E3792C4945EC00650B91 /* MycartTableViewCell.swift */,
				B5E4E37A2C4945EC00650B91 /* MycartTableViewCell.xib */,
			);
			path = Cell;
			sourceTree = "<group>";
		};
		B5A1FECA2C53A32900234233 /* ViewModel */ = {
			isa = PBXGroup;
			children = (
				B5A1FECB2C53A36200234233 /* AddressViewModel.swift */,
			);
			path = ViewModel;
			sourceTree = "<group>";
		};
		B5DEE7D42C422CE2003B32AE /* Orders */ = {
			isa = PBXGroup;
			children = (
				B5121C4D2C4F849100CEC824 /* Model */,
				B5121C4C2C4F847B00CEC824 /* ViewModel */,
				B5DEE7D52C422CFA003B32AE /* View */,
			);
			path = Orders;
			sourceTree = "<group>";
		};
		B5DEE7D52C422CFA003B32AE /* View */ = {
			isa = PBXGroup;
			children = (
				B5DEE7D72C422D35003B32AE /* MyOrdersTableViewController.swift */,
				B5DEE7DF2C423D41003B32AE /* OrderIDTableViewController.swift */,
				B5DEE7D62C422D02003B32AE /* Cells */,
			);
			path = View;
			sourceTree = "<group>";
		};
		B5DEE7D62C422D02003B32AE /* Cells */ = {
			isa = PBXGroup;
			children = (
				B5DEE7D92C422D60003B32AE /* MyOrdersTableViewCell.swift */,
				B5DEE7DA2C422D60003B32AE /* MyOrdersTableViewCell.xib */,
				B5DEE7E12C423DE1003B32AE /* OrderIDTableViewCell.swift */,
				B5DEE7E22C423DE1003B32AE /* OrderIDTableViewCell.xib */,
				B5E4E3712C490B1E00650B91 /* TotalPriceTableViewCell.swift */,
				B5E4E3722C490B1E00650B91 /* TotalPriceTableViewCell.xib */,
				B5B26FB02C50E3AF0025514B /* ButtonTableViewCell.swift */,
				B5B26FB12C50E3AF0025514B /* ButtonTableViewCell.xib */,
			);
			path = Cells;
			sourceTree = "<group>";
		};
		B5DEE7E52C42453A003B32AE /* View */ = {
			isa = PBXGroup;
			children = (
				B5614CCA2C415DCA004314EB /* MyAccountViewController.swift */,
				B5614CBF2C4108D3004314EB /* ResetPasswordViewController.swift */,
				B5DEE7E62C424549003B32AE /* Cell */,
			);
			path = View;
			sourceTree = "<group>";
		};
		B5DEE7E62C424549003B32AE /* Cell */ = {
			isa = PBXGroup;
			children = (
				B5DEE7E72C42457D003B32AE /* MyAccountTableViewCell.swift */,
				B5DEE7E82C42457D003B32AE /* MyAccountTableViewCell.xib */,
			);
			path = Cell;
			sourceTree = "<group>";
		};
		B5FE53632C3E4C8A00629919 = {
			isa = PBXGroup;
			children = (
				B5FE536E2C3E4C8A00629919 /* NeoProductApp */,
				B5FE53852C3E4C8F00629919 /* NeoProductAppTests */,
				B5FE538F2C3E4C8F00629919 /* NeoProductAppUITests */,
				B5FE536D2C3E4C8A00629919 /* Products */,
				793C6DD34E0AD68E47C0C687 /* Pods */,
				BF103AD5F77B0BC681D1D0A0 /* Frameworks */,
			);
			sourceTree = "<group>";
		};
		B5FE536D2C3E4C8A00629919 /* Products */ = {
			isa = PBXGroup;
			children = (
				B5FE536C2C3E4C8A00629919 /* NeoProductApp.app */,
				B5FE53822C3E4C8F00629919 /* NeoProductAppTests.xctest */,
				B5FE538C2C3E4C8F00629919 /* NeoProductAppUITests.xctest */,
			);
			name = Products;
			sourceTree = "<group>";
		};
		B5FE536E2C3E4C8A00629919 /* NeoProductApp */ = {
			isa = PBXGroup;
			children = (
				B5FE53C72C3E842900629919 /* Modules */,
				B5FE53B52C3E6C3E00629919 /* NetworkManager */,
				B597FA022C521DF900F82AA8 /* AccessTokenManger */,
				B5FE53B82C3E6CC500629919 /* Constants */,
				B506432B2C54A0EE004E7C2E /* ProfileImage */,
				B50259352C565C9C0073CB4D /* Helpers */,
				B50259342C565C770073CB4D /* Extensions */,
				B5FE53752C3E4C8A00629919 /* Main.storyboard */,
				B5FE53782C3E4C8F00629919 /* Assets.xcassets */,
				B5FE537A2C3E4C8F00629919 /* LaunchScreen.storyboard */,
				B53C154B2C57384E007F6DA7 /* GothamMedium_1.ttf */,
				B53C154E2C575733007F6DA7 /* GothamMedium.ttf */,
				B53C154D2C57387C007F6DA7 /* GothamBook.ttf */,
				B53C154C2C57385C007F6DA7 /* Gotham-Bold.otf */,
				B5FE537D2C3E4C8F00629919 /* Info.plist */,
			);
			path = NeoProductApp;
			sourceTree = "<group>";
		};
		B5FE53852C3E4C8F00629919 /* NeoProductAppTests */ = {
			isa = PBXGroup;
			children = (
				B5FE53862C3E4C8F00629919 /* NeoProductAppTests.swift */,
			);
			path = NeoProductAppTests;
			sourceTree = "<group>";
		};
		B5FE538F2C3E4C8F00629919 /* NeoProductAppUITests */ = {
			isa = PBXGroup;
			children = (
				B5FE53902C3E4C8F00629919 /* NeoProductAppUITests.swift */,
				B5FE53922C3E4C8F00629919 /* NeoProductAppUITestsLaunchTests.swift */,
			);
			path = NeoProductAppUITests;
			sourceTree = "<group>";
		};
		B5FE539F2C3E4FFA00629919 /* Login */ = {
			isa = PBXGroup;
			children = (
				B5121C3D2C4F822400CEC824 /* Model */,
				B5121C3C2C4F821C00CEC824 /* ViewModel */,
				B5121C3B2C4F821200CEC824 /* View */,
			);
			path = Login;
			sourceTree = "<group>";
		};
		B5FE53A02C3E500A00629919 /* Register */ = {
			isa = PBXGroup;
			children = (
				B588AF132C4A5AE900D46316 /* Model */,
				B588AF102C4A5AB200D46316 /* ViewModel */,
				B588AF0F2C4A5A9C00D46316 /* View */,
			);
			path = Register;
			sourceTree = "<group>";
		};
		B5FE53A52C3E509D00629919 /* Cell */ = {
			isa = PBXGroup;
			children = (
				B56988FD2C4A5E630001C735 /* RegisterTableViewCell.swift */,
				B506432F2C5535CA004E7C2E /* RegisterTableViewCell.xib */,
			);
			path = Cell;
			sourceTree = "<group>";
		};
		B5FE53AA2C3E576E00629919 /* Product */ = {
			isa = PBXGroup;
			children = (
				B5FE53C02C3E830700629919 /* Model */,
				B5FE53C12C3E833B00629919 /* View */,
				B5FE53BD2C3E82A400629919 /* ViewModel */,
			);
			path = Product;
			sourceTree = "<group>";
		};
		B5FE53AD2C3E5CF400629919 /* ProductDetails */ = {
			isa = PBXGroup;
			children = (
				B5FE53B42C3E6C3200629919 /* Model */,
				B5FE53B32C3E6C1C00629919 /* ViewModel */,
				B5FE53B22C3E6C1200629919 /* View */,
			);
			path = ProductDetails;
			sourceTree = "<group>";
		};
		B5FE53B22C3E6C1200629919 /* View */ = {
			isa = PBXGroup;
			children = (
				B5FE53AE2C3E5D1B00629919 /* ProductDetailsViewController.swift */,
				B523F98E2C469B7000A1647B /* ProductQuantityViewController.swift */,
				B5BA19B52C47DC6E009DD925 /* ProductRatingViewController.swift */,
				B5FE53CA2C3E8F8100629919 /* Cell */,
			);
			path = View;
			sourceTree = "<group>";
		};
		B5FE53B32C3E6C1C00629919 /* ViewModel */ = {
			isa = PBXGroup;
			children = (
				B5FE53C22C3E83F200629919 /* ProductDetailsViewModel.swift */,
				B50643322C557EBE004E7C2E /* ProductRatingViewModel.swift */,
			);
			path = ViewModel;
			sourceTree = "<group>";
		};
		B5FE53B42C3E6C3200629919 /* Model */ = {
			isa = PBXGroup;
			children = (
				B5FE53BB2C3E6F4500629919 /* ProductDetailsModel.swift */,
				B50643342C558086004E7C2E /* ProductRatingModel.swift */,
			);
			path = Model;
			sourceTree = "<group>";
		};
		B5FE53B52C3E6C3E00629919 /* NetworkManager */ = {
			isa = PBXGroup;
			children = (
				B5FE53B62C3E6C5F00629919 /* NetworkManager.swift */,
			);
			path = NetworkManager;
			sourceTree = "<group>";
		};
		B5FE53B82C3E6CC500629919 /* Constants */ = {
			isa = PBXGroup;
			children = (
				B5FE53B92C3E6CDA00629919 /* Constants.swift */,
			);
			path = Constants;
			sourceTree = "<group>";
		};
		B5FE53BD2C3E82A400629919 /* ViewModel */ = {
			isa = PBXGroup;
			children = (
				B5FE53B02C3E6BCC00629919 /* ProductsListViewModel.swift */,
			);
			path = ViewModel;
			sourceTree = "<group>";
		};
		B5FE53C02C3E830700629919 /* Model */ = {
			isa = PBXGroup;
			children = (
				B5FE53BE2C3E82C300629919 /* ProductsListModel.swift */,
			);
			path = Model;
			sourceTree = "<group>";
		};
		B5FE53C12C3E833B00629919 /* View */ = {
			isa = PBXGroup;
			children = (
				B5FE53AB2C3E57A100629919 /* ProductListViewController.swift */,
				B5E4E3692C48D53300650B91 /* ChairsListViewController.swift */,
				B5E4E3652C48D4DC00650B91 /* SofaListViewController.swift */,
				B5E4E3672C48D51B00650B91 /* CupboardListViewController.swift */,
				B54A9BD62C4016B700CA1E65 /* Cell */,
			);
			path = View;
			sourceTree = "<group>";
		};
		B5FE53C72C3E842900629919 /* Modules */ = {
			isa = PBXGroup;
			children = (
				B5121C422C4F82F300CEC824 /* User */,
				B54A9BB22C3FDF2C00CA1E65 /* Home */,
				B597FA072C52767600F82AA8 /* Cart */,
				B5DEE7D42C422CE2003B32AE /* Orders */,
				B5FE53AA2C3E576E00629919 /* Product */,
				B5FE53AD2C3E5CF400629919 /* ProductDetails */,
				B55BFF282C44F9A000214BCA /* Address */,
				B523F98B2C46897A00A1647B /* StoreLocator */,
				B5FE53C82C3E846400629919 /* Initial screens */,
			);
			path = Modules;
			sourceTree = "<group>";
		};
		B5FE53C82C3E846400629919 /* Initial screens */ = {
			isa = PBXGroup;
			children = (
				B5FE53712C3E4C8A00629919 /* SceneDelegate.swift */,
				B5FE536F2C3E4C8A00629919 /* AppDelegate.swift */,
			);
			path = "Initial screens";
			sourceTree = "<group>";
		};
		B5FE53CA2C3E8F8100629919 /* Cell */ = {
			isa = PBXGroup;
			children = (
				B50259302C5621F50073CB4D /* ImagesDisplayCollectionViewCell.swift */,
				B50259312C5621F50073CB4D /* ImagesDisplayCollectionViewCell.xib */,
			);
			path = Cell;
			sourceTree = "<group>";
		};
		BF103AD5F77B0BC681D1D0A0 /* Frameworks */ = {
			isa = PBXGroup;
			children = (
				13902882BF628A82A703A5F6 /* Pods_NeoProductApp.framework */,
			);
			name = Frameworks;
			sourceTree = "<group>";
		};
/* End PBXGroup section */

/* Begin PBXNativeTarget section */
		B5FE536B2C3E4C8A00629919 /* NeoProductApp */ = {
			isa = PBXNativeTarget;
			buildConfigurationList = B5FE53962C3E4C8F00629919 /* Build configuration list for PBXNativeTarget "NeoProductApp" */;
			buildPhases = (
				2817454771D195DC8E070D46 /* [CP] Check Pods Manifest.lock */,
				B5FE53682C3E4C8A00629919 /* Sources */,
				B5FE53692C3E4C8A00629919 /* Frameworks */,
				B5FE536A2C3E4C8A00629919 /* Resources */,
				5640998D63F0A841451EA4F8 /* [CP] Embed Pods Frameworks */,
			);
			buildRules = (
			);
			dependencies = (
			);
			name = NeoProductApp;
			packageProductDependencies = (
				B5614CC22C4116C5004314EB /* SideMenu */,
			);
			productName = NeoProductApp;
			productReference = B5FE536C2C3E4C8A00629919 /* NeoProductApp.app */;
			productType = "com.apple.product-type.application";
		};
		B5FE53812C3E4C8F00629919 /* NeoProductAppTests */ = {
			isa = PBXNativeTarget;
			buildConfigurationList = B5FE53992C3E4C8F00629919 /* Build configuration list for PBXNativeTarget "NeoProductAppTests" */;
			buildPhases = (
				B5FE537E2C3E4C8F00629919 /* Sources */,
				B5FE537F2C3E4C8F00629919 /* Frameworks */,
				B5FE53802C3E4C8F00629919 /* Resources */,
			);
			buildRules = (
			);
			dependencies = (
				B5FE53842C3E4C8F00629919 /* PBXTargetDependency */,
			);
			name = NeoProductAppTests;
			productName = NeoProductAppTests;
			productReference = B5FE53822C3E4C8F00629919 /* NeoProductAppTests.xctest */;
			productType = "com.apple.product-type.bundle.unit-test";
		};
		B5FE538B2C3E4C8F00629919 /* NeoProductAppUITests */ = {
			isa = PBXNativeTarget;
			buildConfigurationList = B5FE539C2C3E4C8F00629919 /* Build configuration list for PBXNativeTarget "NeoProductAppUITests" */;
			buildPhases = (
				B5FE53882C3E4C8F00629919 /* Sources */,
				B5FE53892C3E4C8F00629919 /* Frameworks */,
				B5FE538A2C3E4C8F00629919 /* Resources */,
			);
			buildRules = (
			);
			dependencies = (
				B5FE538E2C3E4C8F00629919 /* PBXTargetDependency */,
			);
			name = NeoProductAppUITests;
			productName = NeoProductAppUITests;
			productReference = B5FE538C2C3E4C8F00629919 /* NeoProductAppUITests.xctest */;
			productType = "com.apple.product-type.bundle.ui-testing";
		};
/* End PBXNativeTarget section */

/* Begin PBXProject section */
		B5FE53642C3E4C8A00629919 /* Project object */ = {
			isa = PBXProject;
			attributes = {
				BuildIndependentTargetsInParallel = 1;
				LastSwiftUpdateCheck = 1430;
				LastUpgradeCheck = 1430;
				TargetAttributes = {
					B5FE536B2C3E4C8A00629919 = {
						CreatedOnToolsVersion = 14.3;
					};
					B5FE53812C3E4C8F00629919 = {
						CreatedOnToolsVersion = 14.3;
						TestTargetID = B5FE536B2C3E4C8A00629919;
					};
					B5FE538B2C3E4C8F00629919 = {
						CreatedOnToolsVersion = 14.3;
						TestTargetID = B5FE536B2C3E4C8A00629919;
					};
				};
			};
			buildConfigurationList = B5FE53672C3E4C8A00629919 /* Build configuration list for PBXProject "NeoProductApp" */;
			compatibilityVersion = "Xcode 14.0";
			developmentRegion = en;
			hasScannedForEncodings = 0;
			knownRegions = (
				en,
				Base,
			);
			mainGroup = B5FE53632C3E4C8A00629919;
			packageReferences = (
				B5614CC12C4116C5004314EB /* XCRemoteSwiftPackageReference "SideMenu" */,
			);
			productRefGroup = B5FE536D2C3E4C8A00629919 /* Products */;
			projectDirPath = "";
			projectRoot = "";
			targets = (
				B5FE536B2C3E4C8A00629919 /* NeoProductApp */,
				B5FE53812C3E4C8F00629919 /* NeoProductAppTests */,
				B5FE538B2C3E4C8F00629919 /* NeoProductAppUITests */,
			);
		};
/* End PBXProject section */

/* Begin PBXResourcesBuildPhase section */
		B5FE536A2C3E4C8A00629919 /* Resources */ = {
			isa = PBXResourcesBuildPhase;
			buildActionMask = 2147483647;
			files = (
				B5E4E37C2C4945EC00650B91 /* MycartTableViewCell.xib in Resources */,
				B5BA19BE2C47E646009DD925 /* RatingCollectionViewCell.xib in Resources */,
				B55BFF372C451AB300214BCA /* AddedAddressTableViewCell.xib in Resources */,
				B5B26FB32C50E3AF0025514B /* ButtonTableViewCell.xib in Resources */,
				B54A9BD32C40117C00CA1E65 /* HomeScreenStoryboard.storyboard in Resources */,
				B5DEE7DC2C422D60003B32AE /* MyOrdersTableViewCell.xib in Resources */,
				B5FE537C2C3E4C8F00629919 /* LaunchScreen.storyboard in Resources */,
				B50259332C5621F50073CB4D /* ImagesDisplayCollectionViewCell.xib in Resources */,
				B5DEE7E42C423DE1003B32AE /* OrderIDTableViewCell.xib in Resources */,
				B5FE53A92C3E534D00629919 /* ProductListTableViewCell.xib in Resources */,
				B54A9BCB2C40094F00CA1E65 /* DisplayCollectionViewCell.xib in Resources */,
				B50643312C5535CA004E7C2E /* RegisterTableViewCell.xib in Resources */,
				B5E4E3742C490B1E00650B91 /* TotalPriceTableViewCell.xib in Resources */,
				B54A9BD02C40098000CA1E65 /* CategoryCollectionViewCell.xib in Resources */,
				B54A9BD52C4014F500CA1E65 /* RegisterViewStoryboard.storyboard in Resources */,
				B5DEE7EA2C42457D003B32AE /* MyAccountTableViewCell.xib in Resources */,
				B53C154F2C575733007F6DA7 /* GothamMedium.ttf in Resources */,
				B5FE53792C3E4C8F00629919 /* Assets.xcassets in Resources */,
				B5614CC92C413DA2004314EB /* SidemenuTableViewCell.xib in Resources */,
				B5FE53772C3E4C8A00629919 /* Main.storyboard in Resources */,
				B5614CCD2C415DF9004314EB /* MyAccountStoryboard.storyboard in Resources */,
			);
			runOnlyForDeploymentPostprocessing = 0;
		};
		B5FE53802C3E4C8F00629919 /* Resources */ = {
			isa = PBXResourcesBuildPhase;
			buildActionMask = 2147483647;
			files = (
			);
			runOnlyForDeploymentPostprocessing = 0;
		};
		B5FE538A2C3E4C8F00629919 /* Resources */ = {
			isa = PBXResourcesBuildPhase;
			buildActionMask = 2147483647;
			files = (
			);
			runOnlyForDeploymentPostprocessing = 0;
		};
/* End PBXResourcesBuildPhase section */

/* Begin PBXShellScriptBuildPhase section */
		2817454771D195DC8E070D46 /* [CP] Check Pods Manifest.lock */ = {
			isa = PBXShellScriptBuildPhase;
			buildActionMask = 2147483647;
			files = (
			);
			inputFileListPaths = (
			);
			inputPaths = (
				"${PODS_PODFILE_DIR_PATH}/Podfile.lock",
				"${PODS_ROOT}/Manifest.lock",
			);
			name = "[CP] Check Pods Manifest.lock";
			outputFileListPaths = (
			);
			outputPaths = (
				"$(DERIVED_FILE_DIR)/Pods-NeoProductApp-checkManifestLockResult.txt",
			);
			runOnlyForDeploymentPostprocessing = 0;
			shellPath = /bin/sh;
			shellScript = "diff \"${PODS_PODFILE_DIR_PATH}/Podfile.lock\" \"${PODS_ROOT}/Manifest.lock\" > /dev/null\nif [ $? != 0 ] ; then\n    # print error to STDERR\n    echo \"error: The sandbox is not in sync with the Podfile.lock. Run 'pod install' or update your CocoaPods installation.\" >&2\n    exit 1\nfi\n# This output is used by Xcode 'outputs' to avoid re-running this script phase.\necho \"SUCCESS\" > \"${SCRIPT_OUTPUT_FILE_0}\"\n";
			showEnvVarsInLog = 0;
		};
		5640998D63F0A841451EA4F8 /* [CP] Embed Pods Frameworks */ = {
			isa = PBXShellScriptBuildPhase;
			buildActionMask = 2147483647;
			files = (
			);
			inputFileListPaths = (
				"${PODS_ROOT}/Target Support Files/Pods-NeoProductApp/Pods-NeoProductApp-frameworks-${CONFIGURATION}-input-files.xcfilelist",
			);
			name = "[CP] Embed Pods Frameworks";
			outputFileListPaths = (
				"${PODS_ROOT}/Target Support Files/Pods-NeoProductApp/Pods-NeoProductApp-frameworks-${CONFIGURATION}-output-files.xcfilelist",
			);
			runOnlyForDeploymentPostprocessing = 0;
			shellPath = /bin/sh;
			shellScript = "\"${PODS_ROOT}/Target Support Files/Pods-NeoProductApp/Pods-NeoProductApp-frameworks.sh\"\n";
			showEnvVarsInLog = 0;
		};
/* End PBXShellScriptBuildPhase section */

/* Begin PBXSourcesBuildPhase section */
		B5FE53682C3E4C8A00629919 /* Sources */ = {
			isa = PBXSourcesBuildPhase;
			buildActionMask = 2147483647;
			files = (
				B573877F2C5671B1000CF2A5 /* EditProfileModel.swift in Sources */,
				B5FE53742C3E4C8A00629919 /* LoginViewController.swift in Sources */,
				B5FE53BA2C3E6CDA00629919 /* Constants.swift in Sources */,
				B50643352C558086004E7C2E /* ProductRatingModel.swift in Sources */,
				B5FE53702C3E4C8A00629919 /* AppDelegate.swift in Sources */,
				B5614CC02C4108D3004314EB /* ResetPasswordViewController.swift in Sources */,
				B5DEE7D82C422D35003B32AE /* MyOrdersTableViewController.swift in Sources */,
				B5E4E3782C49209C00650B91 /* ViewControllerTitleExtension.swift in Sources */,
				B566C0C32C56C4BB00F619A7 /* SideMenuModel.swift in Sources */,
				B5FE53B72C3E6C5F00629919 /* NetworkManager.swift in Sources */,
				B5121C3F2C4F82A000CEC824 /* LoginViewModel.swift in Sources */,
				B50259292C560EF00073CB4D /* EditCartViewModel.swift in Sources */,
				B5A1FED02C53BC5100234233 /* PlaceOrderModel.swift in Sources */,
				B5A1FECE2C53B8F900234233 /* PlaceOrderViewModel.swift in Sources */,
				B5121C482C4F841600CEC824 /* ForgotPasswordModel.swift in Sources */,
				B5B26FB22C50E3AF0025514B /* ButtonTableViewCell.swift in Sources */,
				B5614CC52C411C91004314EB /* SidemenuViewController.swift in Sources */,
				B53C15512C57890D007F6DA7 /* ForgotPasswordViewModel.swift in Sources */,
				B597FA012C5216D300F82AA8 /* EditProfileViewModel.swift in Sources */,
				B5FE53AC2C3E57A100629919 /* ProductListViewController.swift in Sources */,
				B5A1FECC2C53A36200234233 /* AddressViewModel.swift in Sources */,
				B5FE53722C3E4C8A00629919 /* SceneDelegate.swift in Sources */,
				B5614CCB2C415DCA004314EB /* MyAccountViewController.swift in Sources */,
				B55BFF2A2C44FA0800214BCA /* AddAddressViewController.swift in Sources */,
				B5FE53B12C3E6BCC00629919 /* ProductsListViewModel.swift in Sources */,
				B5FE53A22C3E506900629919 /* RegisterViewController.swift in Sources */,
				B5A1FED22C53BFB800234233 /* MyOrdersViewModel.swift in Sources */,
				B597F9FF2C5216C100F82AA8 /* MyAccountViewModel.swift in Sources */,
				B502592D2C5617330073CB4D /* CartDeleteViewModel.swift in Sources */,
				B54A9BCF2C40098000CA1E65 /* CategoryCollectionViewCell.swift in Sources */,
				B5E4E36A2C48D53300650B91 /* ChairsListViewController.swift in Sources */,
				B5121C532C4F88CE00CEC824 /* ResetPasswordViewModel.swift in Sources */,
				B5DEE7E92C42457D003B32AE /* MyAccountTableViewCell.swift in Sources */,
				B5DEE7E32C423DE1003B32AE /* OrderIDTableViewCell.swift in Sources */,
				B55BFF362C451AB300214BCA /* AddedAddressTableViewCell.swift in Sources */,
				B5A1FEC92C5366AF00234233 /* MyCartModel.swift in Sources */,
				B50643332C557EBE004E7C2E /* ProductRatingViewModel.swift in Sources */,
				B502592B2C5614010073CB4D /* EditCartModel.swift in Sources */,
				B523F98F2C469B7000A1647B /* ProductQuantityViewController.swift in Sources */,
				B597FA062C5221BE00F82AA8 /* MyAccountModel.swift in Sources */,
				B54A9BC02C3FFED700CA1E65 /* HomeScreenViewController.swift in Sources */,
				B5A1FEC72C53646E00234233 /* MyCartViewModel.swift in Sources */,
				B5FE53C32C3E83F200629919 /* ProductDetailsViewModel.swift in Sources */,
				B55BFF392C4526A500214BCA /* MyCartViewController.swift in Sources */,
				B5614CC82C413DA2004314EB /* SidemenuTableViewCell.swift in Sources */,
				B506432D2C54A144004E7C2E /* ImageStore.swift in Sources */,
				B5DEE7E02C423D41003B32AE /* OrderIDTableViewController.swift in Sources */,
				B597FA042C521E2B00F82AA8 /* AcessTokenManager.swift in Sources */,
				B502592F2C5617420073CB4D /* CartDeleteModel.swift in Sources */,
				B5FE53A82C3E534D00629919 /* ProductListTableViewCell.swift in Sources */,
				B523F9912C46A90F00A1647B /* StoreLocatorTableViewCell.swift in Sources */,
				B5BA19BD2C47E646009DD925 /* RatingCollectionViewCell.swift in Sources */,
				B5FE53AF2C3E5D1B00629919 /* ProductDetailsViewController.swift in Sources */,
				B597FA0F2C527E1F00F82AA8 /* AddToCartViewModel.swift in Sources */,
				B55BFF332C450A9600214BCA /* AddressListViewController.swift in Sources */,
				B56988FE2C4A5E630001C735 /* RegisterTableViewCell.swift in Sources */,
				B5A1FED62C53C11200234233 /* MyOrdersModel.swift in Sources */,
				B5E4E3732C490B1E00650B91 /* TotalPriceTableViewCell.swift in Sources */,
				B523F98D2C4689B800A1647B /* StoreLocatorViewController.swift in Sources */,
				B50259322C5621F50073CB4D /* ImagesDisplayCollectionViewCell.swift in Sources */,
				B54A9BCA2C40094F00CA1E65 /* DisplayCollectionViewCell.swift in Sources */,
				B5BA19B62C47DC6E009DD925 /* ProductRatingViewController.swift in Sources */,
				B5E4E3762C490F8300650B91 /* ShowAlert.swift in Sources */,
				B5E4E3662C48D4DC00650B91 /* SofaListViewController.swift in Sources */,
				B588AF152C4A5AFA00D46316 /* RegisterModel.swift in Sources */,
				B5A1FED42C53BFD400234233 /* OrderDetailViewModel.swift in Sources */,
				B5A1FEC52C5360FC00234233 /* AddToCartModel.swift in Sources */,
				B5E4E37B2C4945EC00650B91 /* MycartTableViewCell.swift in Sources */,
				B5A1FED82C53D1C400234233 /* OrderDetailsModel.swift in Sources */,
				B5E4E3682C48D51B00650B91 /* CupboardListViewController.swift in Sources */,
				B5614CBB2C40E97F004314EB /* TextFieldHelper.swift in Sources */,
				B5121C552C4F88E500CEC824 /* ResetPasswordModel.swift in Sources */,
				B5121C412C4F82AF00CEC824 /* LoginModel.swift in Sources */,
				B588AF122C4A5AE500D46316 /* RegisterViewModel.swift in Sources */,
				B5FE53BF2C3E82C300629919 /* ProductsListModel.swift in Sources */,
				B5DEE7DB2C422D60003B32AE /* MyOrdersTableViewCell.swift in Sources */,
				B5FE53BC2C3E6F4500629919 /* ProductDetailsModel.swift in Sources */,
			);
			runOnlyForDeploymentPostprocessing = 0;
		};
		B5FE537E2C3E4C8F00629919 /* Sources */ = {
			isa = PBXSourcesBuildPhase;
			buildActionMask = 2147483647;
			files = (
				B5FE53872C3E4C8F00629919 /* NeoProductAppTests.swift in Sources */,
			);
			runOnlyForDeploymentPostprocessing = 0;
		};
		B5FE53882C3E4C8F00629919 /* Sources */ = {
			isa = PBXSourcesBuildPhase;
			buildActionMask = 2147483647;
			files = (
				B5FE53912C3E4C8F00629919 /* NeoProductAppUITests.swift in Sources */,
				B5FE53932C3E4C8F00629919 /* NeoProductAppUITestsLaunchTests.swift in Sources */,
			);
			runOnlyForDeploymentPostprocessing = 0;
		};
/* End PBXSourcesBuildPhase section */

/* Begin PBXTargetDependency section */
		B5FE53842C3E4C8F00629919 /* PBXTargetDependency */ = {
			isa = PBXTargetDependency;
			target = B5FE536B2C3E4C8A00629919 /* NeoProductApp */;
			targetProxy = B5FE53832C3E4C8F00629919 /* PBXContainerItemProxy */;
		};
		B5FE538E2C3E4C8F00629919 /* PBXTargetDependency */ = {
			isa = PBXTargetDependency;
			target = B5FE536B2C3E4C8A00629919 /* NeoProductApp */;
			targetProxy = B5FE538D2C3E4C8F00629919 /* PBXContainerItemProxy */;
		};
/* End PBXTargetDependency section */

/* Begin PBXVariantGroup section */
		B5FE53752C3E4C8A00629919 /* Main.storyboard */ = {
			isa = PBXVariantGroup;
			children = (
				B5FE53762C3E4C8A00629919 /* Base */,
			);
			name = Main.storyboard;
			sourceTree = "<group>";
		};
		B5FE537A2C3E4C8F00629919 /* LaunchScreen.storyboard */ = {
			isa = PBXVariantGroup;
			children = (
				B5FE537B2C3E4C8F00629919 /* Base */,
			);
			name = LaunchScreen.storyboard;
			sourceTree = "<group>";
		};
/* End PBXVariantGroup section */

/* Begin XCBuildConfiguration section */
		B5FE53942C3E4C8F00629919 /* Debug */ = {
			isa = XCBuildConfiguration;
			buildSettings = {
				ALWAYS_SEARCH_USER_PATHS = NO;
				CLANG_ANALYZER_NONNULL = YES;
				CLANG_ANALYZER_NUMBER_OBJECT_CONVERSION = YES_AGGRESSIVE;
				CLANG_CXX_LANGUAGE_STANDARD = "gnu++20";
				CLANG_ENABLE_MODULES = YES;
				CLANG_ENABLE_OBJC_ARC = YES;
				CLANG_ENABLE_OBJC_WEAK = YES;
				CLANG_WARN_BLOCK_CAPTURE_AUTORELEASING = YES;
				CLANG_WARN_BOOL_CONVERSION = YES;
				CLANG_WARN_COMMA = YES;
				CLANG_WARN_CONSTANT_CONVERSION = YES;
				CLANG_WARN_DEPRECATED_OBJC_IMPLEMENTATIONS = YES;
				CLANG_WARN_DIRECT_OBJC_ISA_USAGE = YES_ERROR;
				CLANG_WARN_DOCUMENTATION_COMMENTS = YES;
				CLANG_WARN_EMPTY_BODY = YES;
				CLANG_WARN_ENUM_CONVERSION = YES;
				CLANG_WARN_INFINITE_RECURSION = YES;
				CLANG_WARN_INT_CONVERSION = YES;
				CLANG_WARN_NON_LITERAL_NULL_CONVERSION = YES;
				CLANG_WARN_OBJC_IMPLICIT_RETAIN_SELF = YES;
				CLANG_WARN_OBJC_LITERAL_CONVERSION = YES;
				CLANG_WARN_OBJC_ROOT_CLASS = YES_ERROR;
				CLANG_WARN_QUOTED_INCLUDE_IN_FRAMEWORK_HEADER = YES;
				CLANG_WARN_RANGE_LOOP_ANALYSIS = YES;
				CLANG_WARN_STRICT_PROTOTYPES = YES;
				CLANG_WARN_SUSPICIOUS_MOVE = YES;
				CLANG_WARN_UNGUARDED_AVAILABILITY = YES_AGGRESSIVE;
				CLANG_WARN_UNREACHABLE_CODE = YES;
				CLANG_WARN__DUPLICATE_METHOD_MATCH = YES;
				COPY_PHASE_STRIP = NO;
				DEBUG_INFORMATION_FORMAT = dwarf;
				ENABLE_STRICT_OBJC_MSGSEND = YES;
				ENABLE_TESTABILITY = YES;
				GCC_C_LANGUAGE_STANDARD = gnu11;
				GCC_DYNAMIC_NO_PIC = NO;
				GCC_NO_COMMON_BLOCKS = YES;
				GCC_OPTIMIZATION_LEVEL = 0;
				GCC_PREPROCESSOR_DEFINITIONS = (
					"DEBUG=1",
					"$(inherited)",
				);
				GCC_WARN_64_TO_32_BIT_CONVERSION = YES;
				GCC_WARN_ABOUT_RETURN_TYPE = YES_ERROR;
				GCC_WARN_UNDECLARED_SELECTOR = YES;
				GCC_WARN_UNINITIALIZED_AUTOS = YES_AGGRESSIVE;
				GCC_WARN_UNUSED_FUNCTION = YES;
				GCC_WARN_UNUSED_VARIABLE = YES;
				IPHONEOS_DEPLOYMENT_TARGET = 16.4;
				MTL_ENABLE_DEBUG_INFO = INCLUDE_SOURCE;
				MTL_FAST_MATH = YES;
				ONLY_ACTIVE_ARCH = YES;
				SDKROOT = iphoneos;
				SWIFT_ACTIVE_COMPILATION_CONDITIONS = DEBUG;
				SWIFT_OPTIMIZATION_LEVEL = "-Onone";
			};
			name = Debug;
		};
		B5FE53952C3E4C8F00629919 /* Release */ = {
			isa = XCBuildConfiguration;
			buildSettings = {
				ALWAYS_SEARCH_USER_PATHS = NO;
				CLANG_ANALYZER_NONNULL = YES;
				CLANG_ANALYZER_NUMBER_OBJECT_CONVERSION = YES_AGGRESSIVE;
				CLANG_CXX_LANGUAGE_STANDARD = "gnu++20";
				CLANG_ENABLE_MODULES = YES;
				CLANG_ENABLE_OBJC_ARC = YES;
				CLANG_ENABLE_OBJC_WEAK = YES;
				CLANG_WARN_BLOCK_CAPTURE_AUTORELEASING = YES;
				CLANG_WARN_BOOL_CONVERSION = YES;
				CLANG_WARN_COMMA = YES;
				CLANG_WARN_CONSTANT_CONVERSION = YES;
				CLANG_WARN_DEPRECATED_OBJC_IMPLEMENTATIONS = YES;
				CLANG_WARN_DIRECT_OBJC_ISA_USAGE = YES_ERROR;
				CLANG_WARN_DOCUMENTATION_COMMENTS = YES;
				CLANG_WARN_EMPTY_BODY = YES;
				CLANG_WARN_ENUM_CONVERSION = YES;
				CLANG_WARN_INFINITE_RECURSION = YES;
				CLANG_WARN_INT_CONVERSION = YES;
				CLANG_WARN_NON_LITERAL_NULL_CONVERSION = YES;
				CLANG_WARN_OBJC_IMPLICIT_RETAIN_SELF = YES;
				CLANG_WARN_OBJC_LITERAL_CONVERSION = YES;
				CLANG_WARN_OBJC_ROOT_CLASS = YES_ERROR;
				CLANG_WARN_QUOTED_INCLUDE_IN_FRAMEWORK_HEADER = YES;
				CLANG_WARN_RANGE_LOOP_ANALYSIS = YES;
				CLANG_WARN_STRICT_PROTOTYPES = YES;
				CLANG_WARN_SUSPICIOUS_MOVE = YES;
				CLANG_WARN_UNGUARDED_AVAILABILITY = YES_AGGRESSIVE;
				CLANG_WARN_UNREACHABLE_CODE = YES;
				CLANG_WARN__DUPLICATE_METHOD_MATCH = YES;
				COPY_PHASE_STRIP = NO;
				DEBUG_INFORMATION_FORMAT = "dwarf-with-dsym";
				ENABLE_NS_ASSERTIONS = NO;
				ENABLE_STRICT_OBJC_MSGSEND = YES;
				GCC_C_LANGUAGE_STANDARD = gnu11;
				GCC_NO_COMMON_BLOCKS = YES;
				GCC_WARN_64_TO_32_BIT_CONVERSION = YES;
				GCC_WARN_ABOUT_RETURN_TYPE = YES_ERROR;
				GCC_WARN_UNDECLARED_SELECTOR = YES;
				GCC_WARN_UNINITIALIZED_AUTOS = YES_AGGRESSIVE;
				GCC_WARN_UNUSED_FUNCTION = YES;
				GCC_WARN_UNUSED_VARIABLE = YES;
				IPHONEOS_DEPLOYMENT_TARGET = 16.4;
				MTL_ENABLE_DEBUG_INFO = NO;
				MTL_FAST_MATH = YES;
				SDKROOT = iphoneos;
				SWIFT_COMPILATION_MODE = wholemodule;
				SWIFT_OPTIMIZATION_LEVEL = "-O";
				VALIDATE_PRODUCT = YES;
			};
			name = Release;
		};
		B5FE53972C3E4C8F00629919 /* Debug */ = {
			isa = XCBuildConfiguration;
			baseConfigurationReference = AE384FBE3F620EAE12AC0D4B /* Pods-NeoProductApp.debug.xcconfig */;
			buildSettings = {
				ASSETCATALOG_COMPILER_APPICON_NAME = AppIcon;
				ASSETCATALOG_COMPILER_GLOBAL_ACCENT_COLOR_NAME = AccentColor;
				CODE_SIGN_STYLE = Automatic;
				CURRENT_PROJECT_VERSION = 1;
				GENERATE_INFOPLIST_FILE = YES;
				INFOPLIST_FILE = NeoProductApp/Info.plist;
				INFOPLIST_KEY_UIApplicationSupportsIndirectInputEvents = YES;
				INFOPLIST_KEY_UILaunchStoryboardName = LaunchScreen;
				INFOPLIST_KEY_UIMainStoryboardFile = Main;
				INFOPLIST_KEY_UISupportedInterfaceOrientations_iPad = "UIInterfaceOrientationPortrait UIInterfaceOrientationPortraitUpsideDown UIInterfaceOrientationLandscapeLeft UIInterfaceOrientationLandscapeRight";
				INFOPLIST_KEY_UISupportedInterfaceOrientations_iPhone = "UIInterfaceOrientationPortrait UIInterfaceOrientationLandscapeLeft UIInterfaceOrientationLandscapeRight";
				LD_RUNPATH_SEARCH_PATHS = (
					"$(inherited)",
					"@executable_path/Frameworks",
				);
				MARKETING_VERSION = 1.0;
				PRODUCT_BUNDLE_IDENTIFIER = com.registrationform.net.NeoProductApp;
				PRODUCT_NAME = "$(TARGET_NAME)";
				SWIFT_EMIT_LOC_STRINGS = YES;
				SWIFT_VERSION = 5.0;
				TARGETED_DEVICE_FAMILY = "1,2";
			};
			name = Debug;
		};
		B5FE53982C3E4C8F00629919 /* Release */ = {
			isa = XCBuildConfiguration;
			baseConfigurationReference = 1503D2A537CC6C111AC6B94C /* Pods-NeoProductApp.release.xcconfig */;
			buildSettings = {
				ASSETCATALOG_COMPILER_APPICON_NAME = AppIcon;
				ASSETCATALOG_COMPILER_GLOBAL_ACCENT_COLOR_NAME = AccentColor;
				CODE_SIGN_STYLE = Automatic;
				CURRENT_PROJECT_VERSION = 1;
				GENERATE_INFOPLIST_FILE = YES;
				INFOPLIST_FILE = NeoProductApp/Info.plist;
				INFOPLIST_KEY_UIApplicationSupportsIndirectInputEvents = YES;
				INFOPLIST_KEY_UILaunchStoryboardName = LaunchScreen;
				INFOPLIST_KEY_UIMainStoryboardFile = Main;
				INFOPLIST_KEY_UISupportedInterfaceOrientations_iPad = "UIInterfaceOrientationPortrait UIInterfaceOrientationPortraitUpsideDown UIInterfaceOrientationLandscapeLeft UIInterfaceOrientationLandscapeRight";
				INFOPLIST_KEY_UISupportedInterfaceOrientations_iPhone = "UIInterfaceOrientationPortrait UIInterfaceOrientationLandscapeLeft UIInterfaceOrientationLandscapeRight";
				LD_RUNPATH_SEARCH_PATHS = (
					"$(inherited)",
					"@executable_path/Frameworks",
				);
				MARKETING_VERSION = 1.0;
				PRODUCT_BUNDLE_IDENTIFIER = com.registrationform.net.NeoProductApp;
				PRODUCT_NAME = "$(TARGET_NAME)";
				SWIFT_EMIT_LOC_STRINGS = YES;
				SWIFT_VERSION = 5.0;
				TARGETED_DEVICE_FAMILY = "1,2";
			};
			name = Release;
		};
		B5FE539A2C3E4C8F00629919 /* Debug */ = {
			isa = XCBuildConfiguration;
			buildSettings = {
				ALWAYS_EMBED_SWIFT_STANDARD_LIBRARIES = YES;
				BUNDLE_LOADER = "$(TEST_HOST)";
				CODE_SIGN_STYLE = Automatic;
				CURRENT_PROJECT_VERSION = 1;
				GENERATE_INFOPLIST_FILE = YES;
				IPHONEOS_DEPLOYMENT_TARGET = 16.4;
				MARKETING_VERSION = 1.0;
				PRODUCT_BUNDLE_IDENTIFIER = com.registrationform.net.NeoProductAppTests;
				PRODUCT_NAME = "$(TARGET_NAME)";
				SWIFT_EMIT_LOC_STRINGS = NO;
				SWIFT_VERSION = 5.0;
				TARGETED_DEVICE_FAMILY = "1,2";
				TEST_HOST = "$(BUILT_PRODUCTS_DIR)/NeoProductApp.app/$(BUNDLE_EXECUTABLE_FOLDER_PATH)/NeoProductApp";
			};
			name = Debug;
		};
		B5FE539B2C3E4C8F00629919 /* Release */ = {
			isa = XCBuildConfiguration;
			buildSettings = {
				ALWAYS_EMBED_SWIFT_STANDARD_LIBRARIES = YES;
				BUNDLE_LOADER = "$(TEST_HOST)";
				CODE_SIGN_STYLE = Automatic;
				CURRENT_PROJECT_VERSION = 1;
				GENERATE_INFOPLIST_FILE = YES;
				IPHONEOS_DEPLOYMENT_TARGET = 16.4;
				MARKETING_VERSION = 1.0;
				PRODUCT_BUNDLE_IDENTIFIER = com.registrationform.net.NeoProductAppTests;
				PRODUCT_NAME = "$(TARGET_NAME)";
				SWIFT_EMIT_LOC_STRINGS = NO;
				SWIFT_VERSION = 5.0;
				TARGETED_DEVICE_FAMILY = "1,2";
				TEST_HOST = "$(BUILT_PRODUCTS_DIR)/NeoProductApp.app/$(BUNDLE_EXECUTABLE_FOLDER_PATH)/NeoProductApp";
			};
			name = Release;
		};
		B5FE539D2C3E4C8F00629919 /* Debug */ = {
			isa = XCBuildConfiguration;
			buildSettings = {
				ALWAYS_EMBED_SWIFT_STANDARD_LIBRARIES = YES;
				CODE_SIGN_STYLE = Automatic;
				CURRENT_PROJECT_VERSION = 1;
				GENERATE_INFOPLIST_FILE = YES;
				MARKETING_VERSION = 1.0;
				PRODUCT_BUNDLE_IDENTIFIER = com.registrationform.net.NeoProductAppUITests;
				PRODUCT_NAME = "$(TARGET_NAME)";
				SWIFT_EMIT_LOC_STRINGS = NO;
				SWIFT_VERSION = 5.0;
				TARGETED_DEVICE_FAMILY = "1,2";
				TEST_TARGET_NAME = NeoProductApp;
			};
			name = Debug;
		};
		B5FE539E2C3E4C8F00629919 /* Release */ = {
			isa = XCBuildConfiguration;
			buildSettings = {
				ALWAYS_EMBED_SWIFT_STANDARD_LIBRARIES = YES;
				CODE_SIGN_STYLE = Automatic;
				CURRENT_PROJECT_VERSION = 1;
				GENERATE_INFOPLIST_FILE = YES;
				MARKETING_VERSION = 1.0;
				PRODUCT_BUNDLE_IDENTIFIER = com.registrationform.net.NeoProductAppUITests;
				PRODUCT_NAME = "$(TARGET_NAME)";
				SWIFT_EMIT_LOC_STRINGS = NO;
				SWIFT_VERSION = 5.0;
				TARGETED_DEVICE_FAMILY = "1,2";
				TEST_TARGET_NAME = NeoProductApp;
			};
			name = Release;
		};
/* End XCBuildConfiguration section */

/* Begin XCConfigurationList section */
		B5FE53672C3E4C8A00629919 /* Build configuration list for PBXProject "NeoProductApp" */ = {
			isa = XCConfigurationList;
			buildConfigurations = (
				B5FE53942C3E4C8F00629919 /* Debug */,
				B5FE53952C3E4C8F00629919 /* Release */,
			);
			defaultConfigurationIsVisible = 0;
			defaultConfigurationName = Release;
		};
		B5FE53962C3E4C8F00629919 /* Build configuration list for PBXNativeTarget "NeoProductApp" */ = {
			isa = XCConfigurationList;
			buildConfigurations = (
				B5FE53972C3E4C8F00629919 /* Debug */,
				B5FE53982C3E4C8F00629919 /* Release */,
			);
			defaultConfigurationIsVisible = 0;
			defaultConfigurationName = Release;
		};
		B5FE53992C3E4C8F00629919 /* Build configuration list for PBXNativeTarget "NeoProductAppTests" */ = {
			isa = XCConfigurationList;
			buildConfigurations = (
				B5FE539A2C3E4C8F00629919 /* Debug */,
				B5FE539B2C3E4C8F00629919 /* Release */,
			);
			defaultConfigurationIsVisible = 0;
			defaultConfigurationName = Release;
		};
		B5FE539C2C3E4C8F00629919 /* Build configuration list for PBXNativeTarget "NeoProductAppUITests" */ = {
			isa = XCConfigurationList;
			buildConfigurations = (
				B5FE539D2C3E4C8F00629919 /* Debug */,
				B5FE539E2C3E4C8F00629919 /* Release */,
			);
			defaultConfigurationIsVisible = 0;
			defaultConfigurationName = Release;
		};
/* End XCConfigurationList section */

/* Begin XCRemoteSwiftPackageReference section */
		B5614CC12C4116C5004314EB /* XCRemoteSwiftPackageReference "SideMenu" */ = {
			isa = XCRemoteSwiftPackageReference;
			repositoryURL = "https://github.com/jonkykong/SideMenu.git";
			requirement = {
				kind = upToNextMajorVersion;
				minimumVersion = 6.0.0;
			};
		};
/* End XCRemoteSwiftPackageReference section */

/* Begin XCSwiftPackageProductDependency section */
		B5614CC22C4116C5004314EB /* SideMenu */ = {
			isa = XCSwiftPackageProductDependency;
			package = B5614CC12C4116C5004314EB /* XCRemoteSwiftPackageReference "SideMenu" */;
			productName = SideMenu;
		};
/* End XCSwiftPackageProductDependency section */
	};
	rootObject = B5FE53642C3E4C8A00629919 /* Project object */;
}
